// !$*UTF8*$!
{
	archiveVersion = 1;
	classes = {
	};
	objectVersion = 51;
	objects = {

/* Begin PBXBuildFile section */
		999436112FC3351C124410E6 /* libPods-StoreBox.a in Frameworks */ = {isa = PBXBuildFile; fileRef = 24AE0826BEB1281928033974 /* libPods-StoreBox.a */; };
		E9142AF0885279D6B4C55F17 /* libPods-StoreBoxTests.a in Frameworks */ = {isa = PBXBuildFile; fileRef = 75DB793C9E7012795B483926 /* libPods-StoreBoxTests.a */; };
		FB0167B024B1AE1D00A62670 /* DetailsTableViewHeaderTests.swift in Sources */ = {isa = PBXBuildFile; fileRef = FB0167AF24B1AE1D00A62670 /* DetailsTableViewHeaderTests.swift */; };
		FB0167B224B1AE4400A62670 /* DetailsTableViewHeader.swift in Sources */ = {isa = PBXBuildFile; fileRef = FB0167B124B1AE4400A62670 /* DetailsTableViewHeader.swift */; };
		FB0167B424B1B78200A62670 /* StoreTableViewCellTests.swift in Sources */ = {isa = PBXBuildFile; fileRef = FB0167B324B1B78200A62670 /* StoreTableViewCellTests.swift */; };
		FB0167B724B1B7C700A62670 /* StoreTableViewCell.swift in Sources */ = {isa = PBXBuildFile; fileRef = FB0167B524B1B7C700A62670 /* StoreTableViewCell.swift */; };
		FB0167B824B1B7C700A62670 /* StoreTableViewCell.xib in Resources */ = {isa = PBXBuildFile; fileRef = FB0167B624B1B7C700A62670 /* StoreTableViewCell.xib */; };
		FB06C0FC24614DF3006F589A /* ShopViewController.storyboard in Resources */ = {isa = PBXBuildFile; fileRef = FB06C0FB24614DF3006F589A /* ShopViewController.storyboard */; };
		FB06C10024615DE0006F589A /* AdsCollectionView.swift in Sources */ = {isa = PBXBuildFile; fileRef = FB06C0FF24615DE0006F589A /* AdsCollectionView.swift */; };
		FB06C10224615EFD006F589A /* ShopViewController.swift in Sources */ = {isa = PBXBuildFile; fileRef = FB06C10124615EFD006F589A /* ShopViewController.swift */; };
		FB06C1072461696F006F589A /* ShopViewControllerTests.swift in Sources */ = {isa = PBXBuildFile; fileRef = FB06C1062461696F006F589A /* ShopViewControllerTests.swift */; };
		FB06C10924616DA3006F589A /* AdsViewController.storyboard in Resources */ = {isa = PBXBuildFile; fileRef = FB06C10824616DA3006F589A /* AdsViewController.storyboard */; };
		FB06C10C24616E6C006F589A /* AdsCollectionViewCell.swift in Sources */ = {isa = PBXBuildFile; fileRef = FB06C10A24616E6C006F589A /* AdsCollectionViewCell.swift */; };
		FB06C10D24616E6C006F589A /* AdsCollectionViewCell.xib in Resources */ = {isa = PBXBuildFile; fileRef = FB06C10B24616E6C006F589A /* AdsCollectionViewCell.xib */; };
		FB06C10F2461726D006F589A /* ProductsAdsController.storyboard in Resources */ = {isa = PBXBuildFile; fileRef = FB06C10E2461726D006F589A /* ProductsAdsController.storyboard */; };
		FB06C112246172E7006F589A /* ProductsAdCollectionViewCell.swift in Sources */ = {isa = PBXBuildFile; fileRef = FB06C110246172E7006F589A /* ProductsAdCollectionViewCell.swift */; };
		FB06C113246172E7006F589A /* ProductsAdCollectionViewCell.xib in Resources */ = {isa = PBXBuildFile; fileRef = FB06C111246172E7006F589A /* ProductsAdCollectionViewCell.xib */; };
		FB06C115246177D9006F589A /* ProductsAdsController.swift in Sources */ = {isa = PBXBuildFile; fileRef = FB06C114246177D9006F589A /* ProductsAdsController.swift */; };
		FB13EAD1245FB6E600C9CC33 /* AppDelegate.swift in Sources */ = {isa = PBXBuildFile; fileRef = FB13EAD0245FB6E600C9CC33 /* AppDelegate.swift */; };
		FB13EAD3245FB6E600C9CC33 /* SceneDelegate.swift in Sources */ = {isa = PBXBuildFile; fileRef = FB13EAD2245FB6E600C9CC33 /* SceneDelegate.swift */; };
		FB13EAD8245FB6E600C9CC33 /* Main.storyboard in Resources */ = {isa = PBXBuildFile; fileRef = FB13EAD6245FB6E600C9CC33 /* Main.storyboard */; };
		FB13EADA245FB6E600C9CC33 /* Assets.xcassets in Resources */ = {isa = PBXBuildFile; fileRef = FB13EAD9245FB6E600C9CC33 /* Assets.xcassets */; };
		FB13EADD245FB6E600C9CC33 /* LaunchScreen.storyboard in Resources */ = {isa = PBXBuildFile; fileRef = FB13EADB245FB6E600C9CC33 /* LaunchScreen.storyboard */; };
		FB17608824D88F0000BDBC66 /* UserAuthServiceResponses.json in Resources */ = {isa = PBXBuildFile; fileRef = FB17608724D88F0000BDBC66 /* UserAuthServiceResponses.json */; };
		FB17608A24D8C27000BDBC66 /* TestDoubles.swift in Sources */ = {isa = PBXBuildFile; fileRef = FB17608924D8C27000BDBC66 /* TestDoubles.swift */; };
		FB1842AC250821910006256C /* NetworkManager.swift in Sources */ = {isa = PBXBuildFile; fileRef = FB1842AB250821910006256C /* NetworkManager.swift */; };
		FB1842AE250822270006256C /* NetworkManagerTests.swift in Sources */ = {isa = PBXBuildFile; fileRef = FB1842AD250822270006256C /* NetworkManagerTests.swift */; };
		FB1C8024246212CE00BFE29F /* UIHelpers.swift in Sources */ = {isa = PBXBuildFile; fileRef = FB1C8023246212CE00BFE29F /* UIHelpers.swift */; };
		FB1F090C24EC1AB200683FCD /* ProductsSearchingServiceTestDoubles.swift in Sources */ = {isa = PBXBuildFile; fileRef = FB1F090B24EC1AB200683FCD /* ProductsSearchingServiceTestDoubles.swift */; };
		FB2E029E24628F73002CACDE /* RecommendationViewControllerTests.swift in Sources */ = {isa = PBXBuildFile; fileRef = FB2E029D24628F73002CACDE /* RecommendationViewControllerTests.swift */; };
		FB2E02A224629FBA002CACDE /* ProductCollectionViewCellTests.swift in Sources */ = {isa = PBXBuildFile; fileRef = FB2E02A124629FBA002CACDE /* ProductCollectionViewCellTests.swift */; };
		FB2E02A524629FE5002CACDE /* ProductCollectionViewCell.swift in Sources */ = {isa = PBXBuildFile; fileRef = FB2E02A324629FE5002CACDE /* ProductCollectionViewCell.swift */; };
		FB2E02A624629FE5002CACDE /* ProductCollectionViewCell.xib in Resources */ = {isa = PBXBuildFile; fileRef = FB2E02A424629FE5002CACDE /* ProductCollectionViewCell.xib */; };
		FB2FC557250E9330000F80D9 /* UserAuthServiceWrongFormattedResponse.json in Resources */ = {isa = PBXBuildFile; fileRef = FB2FC556250E9330000F80D9 /* UserAuthServiceWrongFormattedResponse.json */; };
		FB2FF35E24EB281A001C30E6 /* ProductsSearchingServiceBadJSON.json in Resources */ = {isa = PBXBuildFile; fileRef = FB2FF35D24EB281A001C30E6 /* ProductsSearchingServiceBadJSON.json */; };
		FB353885252647A800FA4C63 /* UICollectionViewLoadingFooterTests.swift in Sources */ = {isa = PBXBuildFile; fileRef = FB353884252647A800FA4C63 /* UICollectionViewLoadingFooterTests.swift */; };
		FB3538872526490000FA4C63 /* UICollectionViewLoadingFooter.swift in Sources */ = {isa = PBXBuildFile; fileRef = FB3538862526490000FA4C63 /* UICollectionViewLoadingFooter.swift */; };
		FB35388925264A0D00FA4C63 /* ProductSearchViewModel.swift in Sources */ = {isa = PBXBuildFile; fileRef = FB35388825264A0D00FA4C63 /* ProductSearchViewModel.swift */; };
		FB35388B25264B2500FA4C63 /* ProductSearchViewModelTests.swift in Sources */ = {isa = PBXBuildFile; fileRef = FB35388A25264B2500FA4C63 /* ProductSearchViewModelTests.swift */; };
		FB419342246C902800005577 /* ProductsAdsControllerTests.swift in Sources */ = {isa = PBXBuildFile; fileRef = FB419341246C902800005577 /* ProductsAdsControllerTests.swift */; };
		FB4379482513B722001C8863 /* Product.swift in Sources */ = {isa = PBXBuildFile; fileRef = FB4379472513B722001C8863 /* Product.swift */; };
		FB43794A25157EB6001C8863 /* NetworkServiceParser.swift in Sources */ = {isa = PBXBuildFile; fileRef = FB43794925157EB6001C8863 /* NetworkServiceParser.swift */; };
		FB43794C2516582D001C8863 /* NetworkServiceParserTests.swift in Sources */ = {isa = PBXBuildFile; fileRef = FB43794B2516582D001C8863 /* NetworkServiceParserTests.swift */; };
		FB44E5FF25341DEA0092DD67 /* ProductSearchFiltersViewModel.swift in Sources */ = {isa = PBXBuildFile; fileRef = FB44E5FE25341DEA0092DD67 /* ProductSearchFiltersViewModel.swift */; };
		FB44E60125341EE60092DD67 /* FilterSectionsManager.swift in Sources */ = {isa = PBXBuildFile; fileRef = FB44E60025341EE60092DD67 /* FilterSectionsManager.swift */; };
		FB44E603253423540092DD67 /* ProductSearchFiltersViewModelTests.swift in Sources */ = {isa = PBXBuildFile; fileRef = FB44E602253423540092DD67 /* ProductSearchFiltersViewModelTests.swift */; };
		FB44E605253424230092DD67 /* FilterSectionsManagerTests.swift in Sources */ = {isa = PBXBuildFile; fileRef = FB44E604253424230092DD67 /* FilterSectionsManagerTests.swift */; };
		FB4B251024D9D628004A327B /* UserLoginViewModelTests.swift in Sources */ = {isa = PBXBuildFile; fileRef = FB4B250F24D9D628004A327B /* UserLoginViewModelTests.swift */; };
		FB4B251224D9D643004A327B /* UserLoginViewModel.swift in Sources */ = {isa = PBXBuildFile; fileRef = FB4B251124D9D643004A327B /* UserLoginViewModel.swift */; };
		FB4BBACE24CED17800E82E8A /* NetworkConstants.swift in Sources */ = {isa = PBXBuildFile; fileRef = FB4BBACD24CED17800E82E8A /* NetworkConstants.swift */; };
		FB4BBAD124CED1F200E82E8A /* NetworkConstantsTests.swift in Sources */ = {isa = PBXBuildFile; fileRef = FB4BBAD024CED1F200E82E8A /* NetworkConstantsTests.swift */; };
		FB5125502496AE3C00BEA4C1 /* DetailsCollectionViewHeaderTests.swift in Sources */ = {isa = PBXBuildFile; fileRef = FB51254F2496AE3C00BEA4C1 /* DetailsCollectionViewHeaderTests.swift */; };
		FB5125532496B05300BEA4C1 /* DetailsCollectionViewHeader.swift in Sources */ = {isa = PBXBuildFile; fileRef = FB5125512496B05300BEA4C1 /* DetailsCollectionViewHeader.swift */; };
		FB5866D82468AB810048EF18 /* ProductDetailsViewControllerTests.swift in Sources */ = {isa = PBXBuildFile; fileRef = FB5866D72468AB810048EF18 /* ProductDetailsViewControllerTests.swift */; };
		FB5866DC2468AC5F0048EF18 /* ProductDetailsViewController.swift in Sources */ = {isa = PBXBuildFile; fileRef = FB5866DB2468AC5F0048EF18 /* ProductDetailsViewController.swift */; };
		FB5866DE2468AFB10048EF18 /* ProductDetailsViewController.storyboard in Resources */ = {isa = PBXBuildFile; fileRef = FB5866DD2468AFB10048EF18 /* ProductDetailsViewController.storyboard */; };
		FB6790E024BC634B0073141B /* PresentableImageViewTests.swift in Sources */ = {isa = PBXBuildFile; fileRef = FB6790DF24BC634B0073141B /* PresentableImageViewTests.swift */; };
		FB6790E224BC65580073141B /* StoreImageView.swift in Sources */ = {isa = PBXBuildFile; fileRef = FB6790E124BC65580073141B /* StoreImageView.swift */; };
		FB6790E424BC65830073141B /* StoreImageViewTests.swift in Sources */ = {isa = PBXBuildFile; fileRef = FB6790E324BC65830073141B /* StoreImageViewTests.swift */; };
		FB6F7C45250A79E300E1A653 /* AutocompleteSearchViewControllerTests.swift in Sources */ = {isa = PBXBuildFile; fileRef = FB6F7C44250A79E300E1A653 /* AutocompleteSearchViewControllerTests.swift */; };
		FB6F7C49250A7B4200E1A653 /* AutocompleteSearchViewController.swift in Sources */ = {isa = PBXBuildFile; fileRef = FB6F7C48250A7B4200E1A653 /* AutocompleteSearchViewController.swift */; };
		FB6F7C4B250A7C6200E1A653 /* AutocompleteSearchViewModelTests.swift in Sources */ = {isa = PBXBuildFile; fileRef = FB6F7C4A250A7C6200E1A653 /* AutocompleteSearchViewModelTests.swift */; };
		FB6F7C4D250A7CA200E1A653 /* AutocompleteSearchViewModel.swift in Sources */ = {isa = PBXBuildFile; fileRef = FB6F7C4C250A7CA200E1A653 /* AutocompleteSearchViewModel.swift */; };
		FB6F7C4F250A88B100E1A653 /* SearchingTestDoubles.swift in Sources */ = {isa = PBXBuildFile; fileRef = FB6F7C4E250A88B100E1A653 /* SearchingTestDoubles.swift */; };
		FB6F7C51250AF60D00E1A653 /* AutocompleteSearchViewController.storyboard in Resources */ = {isa = PBXBuildFile; fileRef = FB6F7C50250AF60D00E1A653 /* AutocompleteSearchViewController.storyboard */; };
		FB744FE224CDBD3600D72FA6 /* UserLoginViewControllerTests.swift in Sources */ = {isa = PBXBuildFile; fileRef = FB744FE124CDBD3600D72FA6 /* UserLoginViewControllerTests.swift */; };
		FB744FE424CDBDA400D72FA6 /* UserLoginViewController.swift in Sources */ = {isa = PBXBuildFile; fileRef = FB744FE324CDBDA400D72FA6 /* UserLoginViewController.swift */; };
		FB744FE624CDBE2C00D72FA6 /* UserLoginViewController.storyboard in Resources */ = {isa = PBXBuildFile; fileRef = FB744FE524CDBE2C00D72FA6 /* UserLoginViewController.storyboard */; };
		FB82471C24E5ABCB0047FC59 /* ProductsSearchingServiceTests.swift in Sources */ = {isa = PBXBuildFile; fileRef = FB82471B24E5ABCB0047FC59 /* ProductsSearchingServiceTests.swift */; };
		FB82471E24E5AC290047FC59 /* SearchingService.swift in Sources */ = {isa = PBXBuildFile; fileRef = FB82471D24E5AC290047FC59 /* SearchingService.swift */; };
		FBA0E64F2484508E008C1F9C /* UIRoundButton.swift in Sources */ = {isa = PBXBuildFile; fileRef = FBA0E6422484508E008C1F9C /* UIRoundButton.swift */; };
		FBA0E6502484508E008C1F9C /* ImageSliderView.swift in Sources */ = {isa = PBXBuildFile; fileRef = FBA0E6432484508E008C1F9C /* ImageSliderView.swift */; };
		FBA0E66124845A4A008C1F9C /* CartViewControllerTests.swift in Sources */ = {isa = PBXBuildFile; fileRef = FBA0E66024845A4A008C1F9C /* CartViewControllerTests.swift */; };
		FBA0E67424845C91008C1F9C /* CartViewController.storyboard in Resources */ = {isa = PBXBuildFile; fileRef = FBA0E66D24845C91008C1F9C /* CartViewController.storyboard */; };
		FBA0E67524845C91008C1F9C /* CartViewController.swift in Sources */ = {isa = PBXBuildFile; fileRef = FBA0E66F24845C91008C1F9C /* CartViewController.swift */; };
		FBA0E67624845C91008C1F9C /* ProductTableViewCell.swift in Sources */ = {isa = PBXBuildFile; fileRef = FBA0E67124845C91008C1F9C /* ProductTableViewCell.swift */; };
		FBA0E67724845C91008C1F9C /* ProductTableViewCell.xib in Resources */ = {isa = PBXBuildFile; fileRef = FBA0E67224845C91008C1F9C /* ProductTableViewCell.xib */; };
		FBA0E67B2486CCC1008C1F9C /* MoreViewController.storyboard in Resources */ = {isa = PBXBuildFile; fileRef = FBA0E67A2486CCC1008C1F9C /* MoreViewController.storyboard */; };
		FBA0E67D2486CCE5008C1F9C /* MoreViewControllerTests.swift in Sources */ = {isa = PBXBuildFile; fileRef = FBA0E67C2486CCE5008C1F9C /* MoreViewControllerTests.swift */; };
		FBA0E6822486CD5A008C1F9C /* MoreViewController.swift in Sources */ = {isa = PBXBuildFile; fileRef = FBA0E6812486CD5A008C1F9C /* MoreViewController.swift */; };
		FBAD586424E4A5F000E7A770 /* AppDelegateTests.swift in Sources */ = {isa = PBXBuildFile; fileRef = FBAD586324E4A5F000E7A770 /* AppDelegateTests.swift */; };
		FBB105EE24B1A43D00D3DF77 /* StoresViewControllerTests.swift in Sources */ = {isa = PBXBuildFile; fileRef = FBB105ED24B1A43D00D3DF77 /* StoresViewControllerTests.swift */; };
		FBB105F224B1A4C100D3DF77 /* StoresViewController.swift in Sources */ = {isa = PBXBuildFile; fileRef = FBB105F024B1A4C100D3DF77 /* StoresViewController.swift */; };
		FBB105F624B1A57200D3DF77 /* StoresViewController.storyboard in Resources */ = {isa = PBXBuildFile; fileRef = FBB105F524B1A57200D3DF77 /* StoresViewController.storyboard */; };
		FBCF344B2528F8ED009B5BC9 /* ProductSearchFiltersViewControllerTests.swift in Sources */ = {isa = PBXBuildFile; fileRef = FBCF344A2528F8ED009B5BC9 /* ProductSearchFiltersViewControllerTests.swift */; };
		FBCF344D2528F945009B5BC9 /* ProductSearchFiltersViewController.swift in Sources */ = {isa = PBXBuildFile; fileRef = FBCF344C2528F945009B5BC9 /* ProductSearchFiltersViewController.swift */; };
		FBCF344F25292F39009B5BC9 /* TitledTableViewHeaderFooterView.swift in Sources */ = {isa = PBXBuildFile; fileRef = FBCF344E25292F38009B5BC9 /* TitledTableViewHeaderFooterView.swift */; };
		FBD0DDFD2487F96300B38D5E /* ShopTableViewHeaderSection.swift in Sources */ = {isa = PBXBuildFile; fileRef = FBD0DDFC2487F96300B38D5E /* ShopTableViewHeaderSection.swift */; };
		FBE25AB12511315600B7B69C /* ProductSearchViewController.swift in Sources */ = {isa = PBXBuildFile; fileRef = FBE25AB02511315600B7B69C /* ProductSearchViewController.swift */; };
		FBE25AB3251131B200B7B69C /* ProductSearchViewControllerTests.swift in Sources */ = {isa = PBXBuildFile; fileRef = FBE25AB2251131B200B7B69C /* ProductSearchViewControllerTests.swift */; };
		FBE2CB1224682FB300DF52C4 /* RecommendationViewController.storyboard in Resources */ = {isa = PBXBuildFile; fileRef = FBE2CB1124682FB300DF52C4 /* RecommendationViewController.storyboard */; };
		FBE2CB1424682FE700DF52C4 /* RecommendationViewController.swift in Sources */ = {isa = PBXBuildFile; fileRef = FBE2CB1324682FE700DF52C4 /* RecommendationViewController.swift */; };
		FBE7795424B32EBF00034414 /* StoreDetailsViewControllerTests.swift in Sources */ = {isa = PBXBuildFile; fileRef = FBE7795324B32EBF00034414 /* StoreDetailsViewControllerTests.swift */; };
		FBE7795624B32F3800034414 /* StoreDetailsViewController.swift in Sources */ = {isa = PBXBuildFile; fileRef = FBE7795524B32F3800034414 /* StoreDetailsViewController.swift */; };
		FBE7795824B32F8B00034414 /* StoreDetailsViewController.storyboard in Resources */ = {isa = PBXBuildFile; fileRef = FBE7795724B32F8B00034414 /* StoreDetailsViewController.storyboard */; };
		FBE7795A24B36E5B00034414 /* CategoriesTableSectionHeaderTests.swift in Sources */ = {isa = PBXBuildFile; fileRef = FBE7795924B36E5B00034414 /* CategoriesTableSectionHeaderTests.swift */; };
		FBE7795C24B36E8400034414 /* CategoriesTableSectionHeader.swift in Sources */ = {isa = PBXBuildFile; fileRef = FBE7795B24B36E8400034414 /* CategoriesTableSectionHeader.swift */; };
		FBE8DCB92464B2EF009BA11E /* CategoriesViewController.swift in Sources */ = {isa = PBXBuildFile; fileRef = FBE8DCB82464B2EF009BA11E /* CategoriesViewController.swift */; };
		FBE8DCBB2464B61A009BA11E /* CategoriesViewController.storyboard in Resources */ = {isa = PBXBuildFile; fileRef = FBE8DCBA2464B61A009BA11E /* CategoriesViewController.storyboard */; };
		FBE8DCBE2464B683009BA11E /* CategoryCollectionViewCell.swift in Sources */ = {isa = PBXBuildFile; fileRef = FBE8DCBC2464B683009BA11E /* CategoryCollectionViewCell.swift */; };
		FBE8DCBF2464B683009BA11E /* CategoryCollectionViewCell.xib in Resources */ = {isa = PBXBuildFile; fileRef = FBE8DCBD2464B683009BA11E /* CategoryCollectionViewCell.xib */; };
		FBEF201E24D9BAD200F1AAED /* UserAuthServiceTestDoubles.swift in Sources */ = {isa = PBXBuildFile; fileRef = FBEF201D24D9BAD200F1AAED /* UserAuthServiceTestDoubles.swift */; };
		FBF1626624B455B3002CDC13 /* CategoriesSectionCollectionViewCellTests.swift in Sources */ = {isa = PBXBuildFile; fileRef = FBF1626524B455B3002CDC13 /* CategoriesSectionCollectionViewCellTests.swift */; };
		FBF1626824B45C6D002CDC13 /* CategoriesSectionCollectionViewCell.xib in Resources */ = {isa = PBXBuildFile; fileRef = FBF1626724B45C6D002CDC13 /* CategoriesSectionCollectionViewCell.xib */; };
		FBF76F9F24CED9ED00E03773 /* UserAuthService.swift in Sources */ = {isa = PBXBuildFile; fileRef = FBF76F9E24CED9ED00E03773 /* UserAuthService.swift */; };
		FBF76FA124CEDA0E00E03773 /* UserAuthServiceTests.swift in Sources */ = {isa = PBXBuildFile; fileRef = FBF76FA024CEDA0E00E03773 /* UserAuthServiceTests.swift */; };
		FBF8200824E9AE2C0050EA71 /* ProductsSearchingServiceResponses.json in Resources */ = {isa = PBXBuildFile; fileRef = FBF8200724E9AE2C0050EA71 /* ProductsSearchingServiceResponses.json */; };
/* End PBXBuildFile section */

/* Begin PBXContainerItemProxy section */
		FB13EAE4245FB6E700C9CC33 /* PBXContainerItemProxy */ = {
			isa = PBXContainerItemProxy;
			containerPortal = FB13EAC5245FB6E600C9CC33 /* Project object */;
			proxyType = 1;
			remoteGlobalIDString = FB13EACC245FB6E600C9CC33;
			remoteInfo = StoreBox;
		};
/* End PBXContainerItemProxy section */

/* Begin PBXFileReference section */
		045E88DA35646B723BBF1002 /* Pods-StoreBox.debug.xcconfig */ = {isa = PBXFileReference; includeInIndex = 1; lastKnownFileType = text.xcconfig; name = "Pods-StoreBox.debug.xcconfig"; path = "Target Support Files/Pods-StoreBox/Pods-StoreBox.debug.xcconfig"; sourceTree = "<group>"; };
		2267BE74DE2EBBEC66EC259C /* Pods-StoreBox.release.xcconfig */ = {isa = PBXFileReference; includeInIndex = 1; lastKnownFileType = text.xcconfig; name = "Pods-StoreBox.release.xcconfig"; path = "Target Support Files/Pods-StoreBox/Pods-StoreBox.release.xcconfig"; sourceTree = "<group>"; };
		24AE0826BEB1281928033974 /* libPods-StoreBox.a */ = {isa = PBXFileReference; explicitFileType = archive.ar; includeInIndex = 0; path = "libPods-StoreBox.a"; sourceTree = BUILT_PRODUCTS_DIR; };
		68535002665691472CD36D52 /* Pods-StoreBoxTests.debug.xcconfig */ = {isa = PBXFileReference; includeInIndex = 1; lastKnownFileType = text.xcconfig; name = "Pods-StoreBoxTests.debug.xcconfig"; path = "Target Support Files/Pods-StoreBoxTests/Pods-StoreBoxTests.debug.xcconfig"; sourceTree = "<group>"; };
		75DB793C9E7012795B483926 /* libPods-StoreBoxTests.a */ = {isa = PBXFileReference; explicitFileType = archive.ar; includeInIndex = 0; path = "libPods-StoreBoxTests.a"; sourceTree = BUILT_PRODUCTS_DIR; };
		F8542FE08C24B8691FC7C69B /* Pods-StoreBoxTests.release.xcconfig */ = {isa = PBXFileReference; includeInIndex = 1; lastKnownFileType = text.xcconfig; name = "Pods-StoreBoxTests.release.xcconfig"; path = "Target Support Files/Pods-StoreBoxTests/Pods-StoreBoxTests.release.xcconfig"; sourceTree = "<group>"; };
		FB0167AF24B1AE1D00A62670 /* DetailsTableViewHeaderTests.swift */ = {isa = PBXFileReference; lastKnownFileType = sourcecode.swift; path = DetailsTableViewHeaderTests.swift; sourceTree = "<group>"; };
		FB0167B124B1AE4400A62670 /* DetailsTableViewHeader.swift */ = {isa = PBXFileReference; lastKnownFileType = sourcecode.swift; path = DetailsTableViewHeader.swift; sourceTree = "<group>"; };
		FB0167B324B1B78200A62670 /* StoreTableViewCellTests.swift */ = {isa = PBXFileReference; lastKnownFileType = sourcecode.swift; path = StoreTableViewCellTests.swift; sourceTree = "<group>"; };
		FB0167B524B1B7C700A62670 /* StoreTableViewCell.swift */ = {isa = PBXFileReference; lastKnownFileType = sourcecode.swift; path = StoreTableViewCell.swift; sourceTree = "<group>"; };
		FB0167B624B1B7C700A62670 /* StoreTableViewCell.xib */ = {isa = PBXFileReference; lastKnownFileType = file.xib; path = StoreTableViewCell.xib; sourceTree = "<group>"; };
		FB06C0FB24614DF3006F589A /* ShopViewController.storyboard */ = {isa = PBXFileReference; lastKnownFileType = file.storyboard; path = ShopViewController.storyboard; sourceTree = "<group>"; };
		FB06C0FF24615DE0006F589A /* AdsCollectionView.swift */ = {isa = PBXFileReference; lastKnownFileType = sourcecode.swift; path = AdsCollectionView.swift; sourceTree = "<group>"; };
		FB06C10124615EFD006F589A /* ShopViewController.swift */ = {isa = PBXFileReference; lastKnownFileType = sourcecode.swift; path = ShopViewController.swift; sourceTree = "<group>"; };
		FB06C1062461696F006F589A /* ShopViewControllerTests.swift */ = {isa = PBXFileReference; lastKnownFileType = sourcecode.swift; path = ShopViewControllerTests.swift; sourceTree = "<group>"; };
		FB06C10824616DA3006F589A /* AdsViewController.storyboard */ = {isa = PBXFileReference; lastKnownFileType = file.storyboard; path = AdsViewController.storyboard; sourceTree = "<group>"; };
		FB06C10A24616E6C006F589A /* AdsCollectionViewCell.swift */ = {isa = PBXFileReference; lastKnownFileType = sourcecode.swift; path = AdsCollectionViewCell.swift; sourceTree = "<group>"; };
		FB06C10B24616E6C006F589A /* AdsCollectionViewCell.xib */ = {isa = PBXFileReference; lastKnownFileType = file.xib; path = AdsCollectionViewCell.xib; sourceTree = "<group>"; };
		FB06C10E2461726D006F589A /* ProductsAdsController.storyboard */ = {isa = PBXFileReference; lastKnownFileType = file.storyboard; path = ProductsAdsController.storyboard; sourceTree = "<group>"; };
		FB06C110246172E7006F589A /* ProductsAdCollectionViewCell.swift */ = {isa = PBXFileReference; lastKnownFileType = sourcecode.swift; path = ProductsAdCollectionViewCell.swift; sourceTree = "<group>"; };
		FB06C111246172E7006F589A /* ProductsAdCollectionViewCell.xib */ = {isa = PBXFileReference; lastKnownFileType = file.xib; path = ProductsAdCollectionViewCell.xib; sourceTree = "<group>"; };
		FB06C114246177D9006F589A /* ProductsAdsController.swift */ = {isa = PBXFileReference; lastKnownFileType = sourcecode.swift; path = ProductsAdsController.swift; sourceTree = "<group>"; };
		FB13EACD245FB6E600C9CC33 /* StoreBox.app */ = {isa = PBXFileReference; explicitFileType = wrapper.application; includeInIndex = 0; path = StoreBox.app; sourceTree = BUILT_PRODUCTS_DIR; };
		FB13EAD0245FB6E600C9CC33 /* AppDelegate.swift */ = {isa = PBXFileReference; lastKnownFileType = sourcecode.swift; path = AppDelegate.swift; sourceTree = "<group>"; };
		FB13EAD2245FB6E600C9CC33 /* SceneDelegate.swift */ = {isa = PBXFileReference; lastKnownFileType = sourcecode.swift; path = SceneDelegate.swift; sourceTree = "<group>"; };
		FB13EAD7245FB6E600C9CC33 /* Base */ = {isa = PBXFileReference; lastKnownFileType = file.storyboard; name = Base; path = Base.lproj/Main.storyboard; sourceTree = "<group>"; };
		FB13EAD9245FB6E600C9CC33 /* Assets.xcassets */ = {isa = PBXFileReference; lastKnownFileType = folder.assetcatalog; path = Assets.xcassets; sourceTree = "<group>"; };
		FB13EADC245FB6E600C9CC33 /* Base */ = {isa = PBXFileReference; lastKnownFileType = file.storyboard; name = Base; path = Base.lproj/LaunchScreen.storyboard; sourceTree = "<group>"; };
		FB13EADE245FB6E600C9CC33 /* Info.plist */ = {isa = PBXFileReference; lastKnownFileType = text.plist.xml; path = Info.plist; sourceTree = "<group>"; };
		FB13EAE3245FB6E700C9CC33 /* StoreBoxTests.xctest */ = {isa = PBXFileReference; explicitFileType = wrapper.cfbundle; includeInIndex = 0; path = StoreBoxTests.xctest; sourceTree = BUILT_PRODUCTS_DIR; };
		FB13EAE9245FB6E700C9CC33 /* Info.plist */ = {isa = PBXFileReference; lastKnownFileType = text.plist.xml; path = Info.plist; sourceTree = "<group>"; };
		FB17608724D88F0000BDBC66 /* UserAuthServiceResponses.json */ = {isa = PBXFileReference; lastKnownFileType = text.json; path = UserAuthServiceResponses.json; sourceTree = "<group>"; };
		FB17608924D8C27000BDBC66 /* TestDoubles.swift */ = {isa = PBXFileReference; lastKnownFileType = sourcecode.swift; path = TestDoubles.swift; sourceTree = "<group>"; };
		FB1842AB250821910006256C /* NetworkManager.swift */ = {isa = PBXFileReference; lastKnownFileType = sourcecode.swift; path = NetworkManager.swift; sourceTree = "<group>"; };
		FB1842AD250822270006256C /* NetworkManagerTests.swift */ = {isa = PBXFileReference; lastKnownFileType = sourcecode.swift; path = NetworkManagerTests.swift; sourceTree = "<group>"; };
		FB1C8023246212CE00BFE29F /* UIHelpers.swift */ = {isa = PBXFileReference; lastKnownFileType = sourcecode.swift; name = UIHelpers.swift; path = "StoreBox/Extensions And Helpers/UIHelpers.swift"; sourceTree = SOURCE_ROOT; };
		FB1F090B24EC1AB200683FCD /* ProductsSearchingServiceTestDoubles.swift */ = {isa = PBXFileReference; lastKnownFileType = sourcecode.swift; path = ProductsSearchingServiceTestDoubles.swift; sourceTree = "<group>"; };
		FB2E029D24628F73002CACDE /* RecommendationViewControllerTests.swift */ = {isa = PBXFileReference; lastKnownFileType = sourcecode.swift; path = RecommendationViewControllerTests.swift; sourceTree = "<group>"; };
		FB2E02A124629FBA002CACDE /* ProductCollectionViewCellTests.swift */ = {isa = PBXFileReference; lastKnownFileType = sourcecode.swift; path = ProductCollectionViewCellTests.swift; sourceTree = "<group>"; };
		FB2E02A324629FE5002CACDE /* ProductCollectionViewCell.swift */ = {isa = PBXFileReference; lastKnownFileType = sourcecode.swift; path = ProductCollectionViewCell.swift; sourceTree = "<group>"; };
		FB2E02A424629FE5002CACDE /* ProductCollectionViewCell.xib */ = {isa = PBXFileReference; lastKnownFileType = file.xib; path = ProductCollectionViewCell.xib; sourceTree = "<group>"; };
		FB2FC556250E9330000F80D9 /* UserAuthServiceWrongFormattedResponse.json */ = {isa = PBXFileReference; lastKnownFileType = text.json; path = UserAuthServiceWrongFormattedResponse.json; sourceTree = "<group>"; };
		FB2FF35D24EB281A001C30E6 /* ProductsSearchingServiceBadJSON.json */ = {isa = PBXFileReference; lastKnownFileType = text.json; path = ProductsSearchingServiceBadJSON.json; sourceTree = "<group>"; };
		FB353884252647A800FA4C63 /* UICollectionViewLoadingFooterTests.swift */ = {isa = PBXFileReference; lastKnownFileType = sourcecode.swift; path = UICollectionViewLoadingFooterTests.swift; sourceTree = "<group>"; };
		FB3538862526490000FA4C63 /* UICollectionViewLoadingFooter.swift */ = {isa = PBXFileReference; lastKnownFileType = sourcecode.swift; path = UICollectionViewLoadingFooter.swift; sourceTree = "<group>"; };
		FB35388825264A0D00FA4C63 /* ProductSearchViewModel.swift */ = {isa = PBXFileReference; lastKnownFileType = sourcecode.swift; path = ProductSearchViewModel.swift; sourceTree = "<group>"; };
		FB35388A25264B2500FA4C63 /* ProductSearchViewModelTests.swift */ = {isa = PBXFileReference; lastKnownFileType = sourcecode.swift; path = ProductSearchViewModelTests.swift; sourceTree = "<group>"; };
		FB419341246C902800005577 /* ProductsAdsControllerTests.swift */ = {isa = PBXFileReference; lastKnownFileType = sourcecode.swift; path = ProductsAdsControllerTests.swift; sourceTree = "<group>"; };
		FB4379472513B722001C8863 /* Product.swift */ = {isa = PBXFileReference; lastKnownFileType = sourcecode.swift; path = Product.swift; sourceTree = "<group>"; };
		FB43794925157EB6001C8863 /* NetworkServiceParser.swift */ = {isa = PBXFileReference; lastKnownFileType = sourcecode.swift; path = NetworkServiceParser.swift; sourceTree = "<group>"; };
		FB43794B2516582D001C8863 /* NetworkServiceParserTests.swift */ = {isa = PBXFileReference; lastKnownFileType = sourcecode.swift; path = NetworkServiceParserTests.swift; sourceTree = "<group>"; };
		FB44E5FE25341DEA0092DD67 /* ProductSearchFiltersViewModel.swift */ = {isa = PBXFileReference; lastKnownFileType = sourcecode.swift; path = ProductSearchFiltersViewModel.swift; sourceTree = "<group>"; };
		FB44E60025341EE60092DD67 /* FilterSectionsManager.swift */ = {isa = PBXFileReference; lastKnownFileType = sourcecode.swift; path = FilterSectionsManager.swift; sourceTree = "<group>"; };
		FB44E602253423540092DD67 /* ProductSearchFiltersViewModelTests.swift */ = {isa = PBXFileReference; lastKnownFileType = sourcecode.swift; path = ProductSearchFiltersViewModelTests.swift; sourceTree = "<group>"; };
		FB44E604253424230092DD67 /* FilterSectionsManagerTests.swift */ = {isa = PBXFileReference; lastKnownFileType = sourcecode.swift; path = FilterSectionsManagerTests.swift; sourceTree = "<group>"; };
		FB4B250F24D9D628004A327B /* UserLoginViewModelTests.swift */ = {isa = PBXFileReference; lastKnownFileType = sourcecode.swift; path = UserLoginViewModelTests.swift; sourceTree = "<group>"; };
		FB4B251124D9D643004A327B /* UserLoginViewModel.swift */ = {isa = PBXFileReference; lastKnownFileType = sourcecode.swift; path = UserLoginViewModel.swift; sourceTree = "<group>"; };
		FB4BBACD24CED17800E82E8A /* NetworkConstants.swift */ = {isa = PBXFileReference; lastKnownFileType = sourcecode.swift; path = NetworkConstants.swift; sourceTree = "<group>"; };
		FB4BBAD024CED1F200E82E8A /* NetworkConstantsTests.swift */ = {isa = PBXFileReference; lastKnownFileType = sourcecode.swift; path = NetworkConstantsTests.swift; sourceTree = "<group>"; };
		FB51254F2496AE3C00BEA4C1 /* DetailsCollectionViewHeaderTests.swift */ = {isa = PBXFileReference; lastKnownFileType = sourcecode.swift; path = DetailsCollectionViewHeaderTests.swift; sourceTree = "<group>"; };
		FB5125512496B05300BEA4C1 /* DetailsCollectionViewHeader.swift */ = {isa = PBXFileReference; lastKnownFileType = sourcecode.swift; path = DetailsCollectionViewHeader.swift; sourceTree = "<group>"; };
		FB5866D72468AB810048EF18 /* ProductDetailsViewControllerTests.swift */ = {isa = PBXFileReference; lastKnownFileType = sourcecode.swift; path = ProductDetailsViewControllerTests.swift; sourceTree = "<group>"; };
		FB5866DB2468AC5F0048EF18 /* ProductDetailsViewController.swift */ = {isa = PBXFileReference; lastKnownFileType = sourcecode.swift; path = ProductDetailsViewController.swift; sourceTree = "<group>"; };
		FB5866DD2468AFB10048EF18 /* ProductDetailsViewController.storyboard */ = {isa = PBXFileReference; lastKnownFileType = file.storyboard; path = ProductDetailsViewController.storyboard; sourceTree = "<group>"; };
		FB6790DF24BC634B0073141B /* PresentableImageViewTests.swift */ = {isa = PBXFileReference; lastKnownFileType = sourcecode.swift; path = PresentableImageViewTests.swift; sourceTree = "<group>"; };
		FB6790E124BC65580073141B /* StoreImageView.swift */ = {isa = PBXFileReference; lastKnownFileType = sourcecode.swift; path = StoreImageView.swift; sourceTree = "<group>"; };
		FB6790E324BC65830073141B /* StoreImageViewTests.swift */ = {isa = PBXFileReference; lastKnownFileType = sourcecode.swift; path = StoreImageViewTests.swift; sourceTree = "<group>"; };
		FB6F7C44250A79E300E1A653 /* AutocompleteSearchViewControllerTests.swift */ = {isa = PBXFileReference; lastKnownFileType = sourcecode.swift; path = AutocompleteSearchViewControllerTests.swift; sourceTree = "<group>"; };
		FB6F7C48250A7B4200E1A653 /* AutocompleteSearchViewController.swift */ = {isa = PBXFileReference; lastKnownFileType = sourcecode.swift; path = AutocompleteSearchViewController.swift; sourceTree = "<group>"; };
		FB6F7C4A250A7C6200E1A653 /* AutocompleteSearchViewModelTests.swift */ = {isa = PBXFileReference; lastKnownFileType = sourcecode.swift; path = AutocompleteSearchViewModelTests.swift; sourceTree = "<group>"; };
		FB6F7C4C250A7CA200E1A653 /* AutocompleteSearchViewModel.swift */ = {isa = PBXFileReference; lastKnownFileType = sourcecode.swift; path = AutocompleteSearchViewModel.swift; sourceTree = "<group>"; };
		FB6F7C4E250A88B100E1A653 /* SearchingTestDoubles.swift */ = {isa = PBXFileReference; lastKnownFileType = sourcecode.swift; path = SearchingTestDoubles.swift; sourceTree = "<group>"; };
		FB6F7C50250AF60D00E1A653 /* AutocompleteSearchViewController.storyboard */ = {isa = PBXFileReference; lastKnownFileType = file.storyboard; path = AutocompleteSearchViewController.storyboard; sourceTree = "<group>"; };
		FB744FE124CDBD3600D72FA6 /* UserLoginViewControllerTests.swift */ = {isa = PBXFileReference; lastKnownFileType = sourcecode.swift; path = UserLoginViewControllerTests.swift; sourceTree = "<group>"; };
		FB744FE324CDBDA400D72FA6 /* UserLoginViewController.swift */ = {isa = PBXFileReference; lastKnownFileType = sourcecode.swift; path = UserLoginViewController.swift; sourceTree = "<group>"; };
		FB744FE524CDBE2C00D72FA6 /* UserLoginViewController.storyboard */ = {isa = PBXFileReference; lastKnownFileType = file.storyboard; path = UserLoginViewController.storyboard; sourceTree = "<group>"; };
		FB82471B24E5ABCB0047FC59 /* ProductsSearchingServiceTests.swift */ = {isa = PBXFileReference; lastKnownFileType = sourcecode.swift; path = ProductsSearchingServiceTests.swift; sourceTree = "<group>"; };
		FB82471D24E5AC290047FC59 /* SearchingService.swift */ = {isa = PBXFileReference; lastKnownFileType = sourcecode.swift; path = SearchingService.swift; sourceTree = "<group>"; };
		FBA0E6422484508E008C1F9C /* UIRoundButton.swift */ = {isa = PBXFileReference; fileEncoding = 4; lastKnownFileType = sourcecode.swift; path = UIRoundButton.swift; sourceTree = "<group>"; };
		FBA0E6432484508E008C1F9C /* ImageSliderView.swift */ = {isa = PBXFileReference; fileEncoding = 4; lastKnownFileType = sourcecode.swift; path = ImageSliderView.swift; sourceTree = "<group>"; };
		FBA0E66024845A4A008C1F9C /* CartViewControllerTests.swift */ = {isa = PBXFileReference; fileEncoding = 4; lastKnownFileType = sourcecode.swift; path = CartViewControllerTests.swift; sourceTree = "<group>"; };
		FBA0E66D24845C91008C1F9C /* CartViewController.storyboard */ = {isa = PBXFileReference; fileEncoding = 4; lastKnownFileType = file.storyboard; path = CartViewController.storyboard; sourceTree = "<group>"; };
		FBA0E66F24845C91008C1F9C /* CartViewController.swift */ = {isa = PBXFileReference; fileEncoding = 4; lastKnownFileType = sourcecode.swift; path = CartViewController.swift; sourceTree = "<group>"; };
		FBA0E67124845C91008C1F9C /* ProductTableViewCell.swift */ = {isa = PBXFileReference; fileEncoding = 4; lastKnownFileType = sourcecode.swift; path = ProductTableViewCell.swift; sourceTree = "<group>"; };
		FBA0E67224845C91008C1F9C /* ProductTableViewCell.xib */ = {isa = PBXFileReference; fileEncoding = 4; lastKnownFileType = file.xib; path = ProductTableViewCell.xib; sourceTree = "<group>"; };
		FBA0E67A2486CCC1008C1F9C /* MoreViewController.storyboard */ = {isa = PBXFileReference; lastKnownFileType = file.storyboard; path = MoreViewController.storyboard; sourceTree = "<group>"; };
		FBA0E67C2486CCE5008C1F9C /* MoreViewControllerTests.swift */ = {isa = PBXFileReference; lastKnownFileType = sourcecode.swift; name = MoreViewControllerTests.swift; path = StoreBoxTests/MoreViewControllerTests/MoreViewControllerTests.swift; sourceTree = SOURCE_ROOT; };
		FBA0E6812486CD5A008C1F9C /* MoreViewController.swift */ = {isa = PBXFileReference; lastKnownFileType = sourcecode.swift; path = MoreViewController.swift; sourceTree = "<group>"; };
		FBAD586324E4A5F000E7A770 /* AppDelegateTests.swift */ = {isa = PBXFileReference; lastKnownFileType = sourcecode.swift; path = AppDelegateTests.swift; sourceTree = "<group>"; };
		FBB105ED24B1A43D00D3DF77 /* StoresViewControllerTests.swift */ = {isa = PBXFileReference; lastKnownFileType = sourcecode.swift; path = StoresViewControllerTests.swift; sourceTree = "<group>"; };
		FBB105F024B1A4C100D3DF77 /* StoresViewController.swift */ = {isa = PBXFileReference; lastKnownFileType = sourcecode.swift; path = StoresViewController.swift; sourceTree = "<group>"; };
		FBB105F524B1A57200D3DF77 /* StoresViewController.storyboard */ = {isa = PBXFileReference; lastKnownFileType = file.storyboard; path = StoresViewController.storyboard; sourceTree = "<group>"; };
		FBCF344A2528F8ED009B5BC9 /* ProductSearchFiltersViewControllerTests.swift */ = {isa = PBXFileReference; lastKnownFileType = sourcecode.swift; path = ProductSearchFiltersViewControllerTests.swift; sourceTree = "<group>"; };
		FBCF344C2528F945009B5BC9 /* ProductSearchFiltersViewController.swift */ = {isa = PBXFileReference; lastKnownFileType = sourcecode.swift; path = ProductSearchFiltersViewController.swift; sourceTree = "<group>"; };
		FBCF344E25292F38009B5BC9 /* TitledTableViewHeaderFooterView.swift */ = {isa = PBXFileReference; lastKnownFileType = sourcecode.swift; path = TitledTableViewHeaderFooterView.swift; sourceTree = "<group>"; };
		FBD0DDFC2487F96300B38D5E /* ShopTableViewHeaderSection.swift */ = {isa = PBXFileReference; lastKnownFileType = sourcecode.swift; name = ShopTableViewHeaderSection.swift; path = StoreBox/ShopViewController/Views/ShopTableViewHeaderSection.swift; sourceTree = SOURCE_ROOT; };
		FBE25AB02511315600B7B69C /* ProductSearchViewController.swift */ = {isa = PBXFileReference; lastKnownFileType = sourcecode.swift; path = ProductSearchViewController.swift; sourceTree = "<group>"; };
		FBE25AB2251131B200B7B69C /* ProductSearchViewControllerTests.swift */ = {isa = PBXFileReference; lastKnownFileType = sourcecode.swift; path = ProductSearchViewControllerTests.swift; sourceTree = "<group>"; };
		FBE2CB1124682FB300DF52C4 /* RecommendationViewController.storyboard */ = {isa = PBXFileReference; lastKnownFileType = file.storyboard; path = RecommendationViewController.storyboard; sourceTree = "<group>"; };
		FBE2CB1324682FE700DF52C4 /* RecommendationViewController.swift */ = {isa = PBXFileReference; lastKnownFileType = sourcecode.swift; path = RecommendationViewController.swift; sourceTree = "<group>"; };
		FBE7795324B32EBF00034414 /* StoreDetailsViewControllerTests.swift */ = {isa = PBXFileReference; lastKnownFileType = sourcecode.swift; path = StoreDetailsViewControllerTests.swift; sourceTree = "<group>"; };
		FBE7795524B32F3800034414 /* StoreDetailsViewController.swift */ = {isa = PBXFileReference; lastKnownFileType = sourcecode.swift; path = StoreDetailsViewController.swift; sourceTree = "<group>"; };
		FBE7795724B32F8B00034414 /* StoreDetailsViewController.storyboard */ = {isa = PBXFileReference; lastKnownFileType = file.storyboard; path = StoreDetailsViewController.storyboard; sourceTree = "<group>"; };
		FBE7795924B36E5B00034414 /* CategoriesTableSectionHeaderTests.swift */ = {isa = PBXFileReference; lastKnownFileType = sourcecode.swift; path = CategoriesTableSectionHeaderTests.swift; sourceTree = "<group>"; };
		FBE7795B24B36E8400034414 /* CategoriesTableSectionHeader.swift */ = {isa = PBXFileReference; lastKnownFileType = sourcecode.swift; path = CategoriesTableSectionHeader.swift; sourceTree = "<group>"; };
		FBE8DCB82464B2EF009BA11E /* CategoriesViewController.swift */ = {isa = PBXFileReference; lastKnownFileType = sourcecode.swift; path = CategoriesViewController.swift; sourceTree = "<group>"; };
		FBE8DCBA2464B61A009BA11E /* CategoriesViewController.storyboard */ = {isa = PBXFileReference; lastKnownFileType = file.storyboard; path = CategoriesViewController.storyboard; sourceTree = "<group>"; };
		FBE8DCBC2464B683009BA11E /* CategoryCollectionViewCell.swift */ = {isa = PBXFileReference; lastKnownFileType = sourcecode.swift; path = CategoryCollectionViewCell.swift; sourceTree = "<group>"; };
		FBE8DCBD2464B683009BA11E /* CategoryCollectionViewCell.xib */ = {isa = PBXFileReference; lastKnownFileType = file.xib; path = CategoryCollectionViewCell.xib; sourceTree = "<group>"; };
		FBEF201D24D9BAD200F1AAED /* UserAuthServiceTestDoubles.swift */ = {isa = PBXFileReference; lastKnownFileType = sourcecode.swift; path = UserAuthServiceTestDoubles.swift; sourceTree = "<group>"; };
		FBF1626524B455B3002CDC13 /* CategoriesSectionCollectionViewCellTests.swift */ = {isa = PBXFileReference; lastKnownFileType = sourcecode.swift; path = CategoriesSectionCollectionViewCellTests.swift; sourceTree = "<group>"; };
		FBF1626724B45C6D002CDC13 /* CategoriesSectionCollectionViewCell.xib */ = {isa = PBXFileReference; lastKnownFileType = file.xib; path = CategoriesSectionCollectionViewCell.xib; sourceTree = "<group>"; };
		FBF76F9E24CED9ED00E03773 /* UserAuthService.swift */ = {isa = PBXFileReference; lastKnownFileType = sourcecode.swift; path = UserAuthService.swift; sourceTree = "<group>"; };
		FBF76FA024CEDA0E00E03773 /* UserAuthServiceTests.swift */ = {isa = PBXFileReference; lastKnownFileType = sourcecode.swift; path = UserAuthServiceTests.swift; sourceTree = "<group>"; };
		FBF8200724E9AE2C0050EA71 /* ProductsSearchingServiceResponses.json */ = {isa = PBXFileReference; lastKnownFileType = text.json; path = ProductsSearchingServiceResponses.json; sourceTree = "<group>"; };
/* End PBXFileReference section */

/* Begin PBXFrameworksBuildPhase section */
		FB13EACA245FB6E600C9CC33 /* Frameworks */ = {
			isa = PBXFrameworksBuildPhase;
			buildActionMask = 2147483647;
			files = (
				999436112FC3351C124410E6 /* libPods-StoreBox.a in Frameworks */,
			);
			runOnlyForDeploymentPostprocessing = 0;
		};
		FB13EAE0245FB6E700C9CC33 /* Frameworks */ = {
			isa = PBXFrameworksBuildPhase;
			buildActionMask = 2147483647;
			files = (
				E9142AF0885279D6B4C55F17 /* libPods-StoreBoxTests.a in Frameworks */,
			);
			runOnlyForDeploymentPostprocessing = 0;
		};
/* End PBXFrameworksBuildPhase section */

/* Begin PBXGroup section */
		E196ECDE7A18A78ECA48F78D /* Frameworks */ = {
			isa = PBXGroup;
			children = (
				24AE0826BEB1281928033974 /* libPods-StoreBox.a */,
				75DB793C9E7012795B483926 /* libPods-StoreBoxTests.a */,
			);
			name = Frameworks;
			sourceTree = "<group>";
		};
		FB06C0FE24614DFE006F589A /* ShopViewController */ = {
			isa = PBXGroup;
			children = (
				FBE2CB152468305F00DF52C4 /* RecommendationViewController */,
				FBE2CAF5246825CB00DF52C4 /* AdsViewController */,
				FBE2CAF82468262200DF52C4 /* CategoriesViewController */,
				FBE2CAFB2468267300DF52C4 /* ProductsAdController */,
				FBE2CB082468289300DF52C4 /* Views */,
			);
			path = ShopViewController;
			sourceTree = "<group>";
		};
		FB06C10524616950006F589A /* ShopViewControllerTests */ = {
			isa = PBXGroup;
			children = (
				FB419341246C902800005577 /* ProductsAdsControllerTests.swift */,
				FB2E02A124629FBA002CACDE /* ProductCollectionViewCellTests.swift */,
				FB2E029D24628F73002CACDE /* RecommendationViewControllerTests.swift */,
				FB06C1062461696F006F589A /* ShopViewControllerTests.swift */,
			);
			path = ShopViewControllerTests;
			sourceTree = "<group>";
		};
		FB13EAC4245FB6E600C9CC33 = {
			isa = PBXGroup;
			children = (
				FB13EACF245FB6E600C9CC33 /* StoreBox */,
				FB13EAE6245FB6E700C9CC33 /* StoreBoxTests */,
				FB13EACE245FB6E600C9CC33 /* Products */,
				FCE7614C7B50094D4CFB8263 /* Pods */,
				E196ECDE7A18A78ECA48F78D /* Frameworks */,
			);
			sourceTree = "<group>";
		};
		FB13EACE245FB6E600C9CC33 /* Products */ = {
			isa = PBXGroup;
			children = (
				FB13EACD245FB6E600C9CC33 /* StoreBox.app */,
				FB13EAE3245FB6E700C9CC33 /* StoreBoxTests.xctest */,
			);
			name = Products;
			sourceTree = "<group>";
		};
		FB13EACF245FB6E600C9CC33 /* StoreBox */ = {
			isa = PBXGroup;
			children = (
				FB82471824E5A99D0047FC59 /* Searching Controllers */,
				FB416B862460E3060062C387 /* AppDelegate */,
				FB13EAD6245FB6E600C9CC33 /* Main.storyboard */,
				FB744FE724CDBE5600D72FA6 /* UserLoginViewController */,
				FBB105F424B1A4FF00D3DF77 /* StoresViewController */,
				FBA0E67F2486CD1E008C1F9C /* MoreViewController */,
				FBA0E66B24845C91008C1F9C /* CartViewController */,
				FB06C0FE24614DFE006F589A /* ShopViewController */,
				FBF0BF2B2469B99200368ED3 /* ProductDetailsViewController */,
				FBA0E6412484508E008C1F9C /* StoreBox_shared_UI */,
				FBE2CB0B246828EB00DF52C4 /* Extensions And Helpers */,
				FB4BBACF24CED18200E82E8A /* Networking */,
				FB416B872460E31B0062C387 /* Assets */,
				FB13EADE245FB6E600C9CC33 /* Info.plist */,
				FB1CDB2E25314C260074AAA0 /* Models */,
			);
			path = StoreBox;
			sourceTree = "<group>";
		};
		FB13EAE6245FB6E700C9CC33 /* StoreBoxTests */ = {
			isa = PBXGroup;
			children = (
				FBAD586324E4A5F000E7A770 /* AppDelegateTests.swift */,
				FB82471924E5A9E80047FC59 /* Searching Controllers Tests */,
				FB4BBAD224CED1F900E82E8A /* Networking Tests */,
				FB744FE824CDC20900D72FA6 /* UserLoginViewControllerTests */,
				FBB105EF24B1A44200D3DF77 /* StoresViewControllerTests */,
				FBB105EC24B1A30B00D3DF77 /* StoreBox_shared_UI Tests */,
				FBA0E67E2486CCF9008C1F9C /* MoreViewControllerTests */,
				FBA0E65F24845A4A008C1F9C /* CartViewControllerTests */,
				FB9992722469BCD80047FC72 /* ProductDetailsViewControllerTests */,
				FB06C10524616950006F589A /* ShopViewControllerTests */,
				FB13EAE9245FB6E700C9CC33 /* Info.plist */,
			);
			path = StoreBoxTests;
			sourceTree = "<group>";
		};
		FB1CDB2E25314C260074AAA0 /* Models */ = {
			isa = PBXGroup;
			children = (
				FB4379472513B722001C8863 /* Product.swift */,
			);
			path = Models;
			sourceTree = "<group>";
		};
		FB208C3924C4658C005FAC99 /* nibs */ = {
			isa = PBXGroup;
			children = (
				FBF1626724B45C6D002CDC13 /* CategoriesSectionCollectionViewCell.xib */,
				FBE7795724B32F8B00034414 /* StoreDetailsViewController.storyboard */,
				FB0167B624B1B7C700A62670 /* StoreTableViewCell.xib */,
				FBB105F524B1A57200D3DF77 /* StoresViewController.storyboard */,
			);
			path = nibs;
			sourceTree = "<group>";
		};
		FB416B862460E3060062C387 /* AppDelegate */ = {
			isa = PBXGroup;
			children = (
				FB13EAD0245FB6E600C9CC33 /* AppDelegate.swift */,
				FB13EAD2245FB6E600C9CC33 /* SceneDelegate.swift */,
			);
			path = AppDelegate;
			sourceTree = "<group>";
		};
		FB416B872460E31B0062C387 /* Assets */ = {
			isa = PBXGroup;
			children = (
				FB13EAD9245FB6E600C9CC33 /* Assets.xcassets */,
				FB13EADB245FB6E600C9CC33 /* LaunchScreen.storyboard */,
			);
			path = Assets;
			sourceTree = "<group>";
		};
		FB44E606253424360092DD67 /* Searching Managers */ = {
			isa = PBXGroup;
			children = (
				FB44E604253424230092DD67 /* FilterSectionsManagerTests.swift */,
			);
			path = "Searching Managers";
			sourceTree = "<group>";
		};
		FB44E607253424490092DD67 /* Searching Managers */ = {
			isa = PBXGroup;
			children = (
				FB44E60025341EE60092DD67 /* FilterSectionsManager.swift */,
			);
			path = "Searching Managers";
			sourceTree = "<group>";
		};
		FB4BBACF24CED18200E82E8A /* Networking */ = {
			isa = PBXGroup;
			children = (
				FB4BBACD24CED17800E82E8A /* NetworkConstants.swift */,
				FB1842AB250821910006256C /* NetworkManager.swift */,
				FB43794925157EB6001C8863 /* NetworkServiceParser.swift */,
				FBF76FA324CEDA7500E03773 /* Services */,
			);
			path = Networking;
			sourceTree = "<group>";
		};
		FB4BBAD224CED1F900E82E8A /* Networking Tests */ = {
			isa = PBXGroup;
			children = (
				FB4BBAD024CED1F200E82E8A /* NetworkConstantsTests.swift */,
				FB1842AD250822270006256C /* NetworkManagerTests.swift */,
				FB17608924D8C27000BDBC66 /* TestDoubles.swift */,
				FB43794B2516582D001C8863 /* NetworkServiceParserTests.swift */,
				FBF76FA224CEDA6D00E03773 /* Services Tests */,
			);
			path = "Networking Tests";
			sourceTree = "<group>";
		};
		FB5AE9FD24EDD189007417F3 /* ProductsSearchingService Tests */ = {
			isa = PBXGroup;
			children = (
				FB82471B24E5ABCB0047FC59 /* ProductsSearchingServiceTests.swift */,
				FB1F090B24EC1AB200683FCD /* ProductsSearchingServiceTestDoubles.swift */,
				FBF8200724E9AE2C0050EA71 /* ProductsSearchingServiceResponses.json */,
				FB2FF35D24EB281A001C30E6 /* ProductsSearchingServiceBadJSON.json */,
			);
			path = "ProductsSearchingService Tests";
			sourceTree = "<group>";
		};
		FB744FE724CDBE5600D72FA6 /* UserLoginViewController */ = {
			isa = PBXGroup;
			children = (
				FB744FE324CDBDA400D72FA6 /* UserLoginViewController.swift */,
				FB4B251124D9D643004A327B /* UserLoginViewModel.swift */,
				FB744FE524CDBE2C00D72FA6 /* UserLoginViewController.storyboard */,
			);
			path = UserLoginViewController;
			sourceTree = "<group>";
		};
		FB744FE824CDC20900D72FA6 /* UserLoginViewControllerTests */ = {
			isa = PBXGroup;
			children = (
				FB4B250F24D9D628004A327B /* UserLoginViewModelTests.swift */,
				FB744FE124CDBD3600D72FA6 /* UserLoginViewControllerTests.swift */,
			);
			path = UserLoginViewControllerTests;
			sourceTree = "<group>";
		};
		FB82471824E5A99D0047FC59 /* Searching Controllers */ = {
			isa = PBXGroup;
			children = (
				FBE25AB02511315600B7B69C /* ProductSearchViewController.swift */,
				FB6F7C50250AF60D00E1A653 /* AutocompleteSearchViewController.storyboard */,
				FB6F7C48250A7B4200E1A653 /* AutocompleteSearchViewController.swift */,
				FB6F7C4C250A7CA200E1A653 /* AutocompleteSearchViewModel.swift */,
				FB35388825264A0D00FA4C63 /* ProductSearchViewModel.swift */,
				FBCF344C2528F945009B5BC9 /* ProductSearchFiltersViewController.swift */,
				FB44E5FE25341DEA0092DD67 /* ProductSearchFiltersViewModel.swift */,
				FB44E607253424490092DD67 /* Searching Managers */,
			);
			path = "Searching Controllers";
			sourceTree = "<group>";
		};
		FB82471924E5A9E80047FC59 /* Searching Controllers Tests */ = {
			isa = PBXGroup;
			children = (
				FB6F7C44250A79E300E1A653 /* AutocompleteSearchViewControllerTests.swift */,
				FB6F7C4A250A7C6200E1A653 /* AutocompleteSearchViewModelTests.swift */,
				FBCF344A2528F8ED009B5BC9 /* ProductSearchFiltersViewControllerTests.swift */,
				FB44E602253423540092DD67 /* ProductSearchFiltersViewModelTests.swift */,
				FBE25AB2251131B200B7B69C /* ProductSearchViewControllerTests.swift */,
				FB35388A25264B2500FA4C63 /* ProductSearchViewModelTests.swift */,
				FB6F7C4E250A88B100E1A653 /* SearchingTestDoubles.swift */,
				FB44E606253424360092DD67 /* Searching Managers */,
			);
			path = "Searching Controllers Tests";
			sourceTree = "<group>";
		};
		FB82471A24E5AA160047FC59 /* UserAuthService Tests */ = {
			isa = PBXGroup;
			children = (
				FBF76FA024CEDA0E00E03773 /* UserAuthServiceTests.swift */,
				FBEF201D24D9BAD200F1AAED /* UserAuthServiceTestDoubles.swift */,
				FB17608724D88F0000BDBC66 /* UserAuthServiceResponses.json */,
				FB2FC556250E9330000F80D9 /* UserAuthServiceWrongFormattedResponse.json */,
			);
			path = "UserAuthService Tests";
			sourceTree = "<group>";
		};
		FB9992722469BCD80047FC72 /* ProductDetailsViewControllerTests */ = {
			isa = PBXGroup;
			children = (
				FB5866D72468AB810048EF18 /* ProductDetailsViewControllerTests.swift */,
			);
			path = ProductDetailsViewControllerTests;
			sourceTree = "<group>";
		};
		FBA0E6412484508E008C1F9C /* StoreBox_shared_UI */ = {
			isa = PBXGroup;
			children = (
				FBE2CB052468285100DF52C4 /* ProductCollectionViewCell */,
				FB0167B124B1AE4400A62670 /* DetailsTableViewHeader.swift */,
				FBA0E6422484508E008C1F9C /* UIRoundButton.swift */,
				FBA0E6432484508E008C1F9C /* ImageSliderView.swift */,
				FB5125512496B05300BEA4C1 /* DetailsCollectionViewHeader.swift */,
				FB3538862526490000FA4C63 /* UICollectionViewLoadingFooter.swift */,
				FBCF344E25292F38009B5BC9 /* TitledTableViewHeaderFooterView.swift */,
			);
			path = StoreBox_shared_UI;
			sourceTree = "<group>";
		};
		FBA0E65F24845A4A008C1F9C /* CartViewControllerTests */ = {
			isa = PBXGroup;
			children = (
				FBA0E66524845B7B008C1F9C /* View */,
			);
			path = CartViewControllerTests;
			sourceTree = "<group>";
		};
		FBA0E66524845B7B008C1F9C /* View */ = {
			isa = PBXGroup;
			children = (
				FBA0E66024845A4A008C1F9C /* CartViewControllerTests.swift */,
			);
			path = View;
			sourceTree = "<group>";
		};
		FBA0E66B24845C91008C1F9C /* CartViewController */ = {
			isa = PBXGroup;
			children = (
				FBA0E67024845C91008C1F9C /* ProductTableViewCell */,
				FBA0E66C24845C91008C1F9C /* Storyboard */,
				FBA0E66E24845C91008C1F9C /* View */,
			);
			path = CartViewController;
			sourceTree = "<group>";
		};
		FBA0E66C24845C91008C1F9C /* Storyboard */ = {
			isa = PBXGroup;
			children = (
				FBA0E66D24845C91008C1F9C /* CartViewController.storyboard */,
			);
			path = Storyboard;
			sourceTree = "<group>";
		};
		FBA0E66E24845C91008C1F9C /* View */ = {
			isa = PBXGroup;
			children = (
				FBA0E66F24845C91008C1F9C /* CartViewController.swift */,
			);
			path = View;
			sourceTree = "<group>";
		};
		FBA0E67024845C91008C1F9C /* ProductTableViewCell */ = {
			isa = PBXGroup;
			children = (
				FBA0E67124845C91008C1F9C /* ProductTableViewCell.swift */,
				FBA0E67224845C91008C1F9C /* ProductTableViewCell.xib */,
			);
			path = ProductTableViewCell;
			sourceTree = "<group>";
		};
		FBA0E67E2486CCF9008C1F9C /* MoreViewControllerTests */ = {
			isa = PBXGroup;
			children = (
				FBA0E67C2486CCE5008C1F9C /* MoreViewControllerTests.swift */,
			);
			path = MoreViewControllerTests;
			sourceTree = "<group>";
		};
		FBA0E67F2486CD1E008C1F9C /* MoreViewController */ = {
			isa = PBXGroup;
			children = (
				FBA0E6802486CD27008C1F9C /* Storyboard */,
				FBA0E6812486CD5A008C1F9C /* MoreViewController.swift */,
			);
			path = MoreViewController;
			sourceTree = "<group>";
		};
		FBA0E6802486CD27008C1F9C /* Storyboard */ = {
			isa = PBXGroup;
			children = (
				FBA0E67A2486CCC1008C1F9C /* MoreViewController.storyboard */,
			);
			path = Storyboard;
			sourceTree = "<group>";
		};
		FBB105EC24B1A30B00D3DF77 /* StoreBox_shared_UI Tests */ = {
			isa = PBXGroup;
			children = (
				FB0167AF24B1AE1D00A62670 /* DetailsTableViewHeaderTests.swift */,
				FB51254F2496AE3C00BEA4C1 /* DetailsCollectionViewHeaderTests.swift */,
				FB6790DF24BC634B0073141B /* PresentableImageViewTests.swift */,
				FB353884252647A800FA4C63 /* UICollectionViewLoadingFooterTests.swift */,
			);
			path = "StoreBox_shared_UI Tests";
			sourceTree = "<group>";
		};
		FBB105EF24B1A44200D3DF77 /* StoresViewControllerTests */ = {
			isa = PBXGroup;
			children = (
				FB6790E324BC65830073141B /* StoreImageViewTests.swift */,
				FBF1626524B455B3002CDC13 /* CategoriesSectionCollectionViewCellTests.swift */,
				FBE7795924B36E5B00034414 /* CategoriesTableSectionHeaderTests.swift */,
				FBE7795324B32EBF00034414 /* StoreDetailsViewControllerTests.swift */,
				FB0167B324B1B78200A62670 /* StoreTableViewCellTests.swift */,
				FBB105ED24B1A43D00D3DF77 /* StoresViewControllerTests.swift */,
			);
			path = StoresViewControllerTests;
			sourceTree = "<group>";
		};
		FBB105F424B1A4FF00D3DF77 /* StoresViewController */ = {
			isa = PBXGroup;
			children = (
				FB6790E124BC65580073141B /* StoreImageView.swift */,
				FBE7795B24B36E8400034414 /* CategoriesTableSectionHeader.swift */,
				FBE7795524B32F3800034414 /* StoreDetailsViewController.swift */,
				FB0167B524B1B7C700A62670 /* StoreTableViewCell.swift */,
				FBB105F024B1A4C100D3DF77 /* StoresViewController.swift */,
				FB208C3924C4658C005FAC99 /* nibs */,
			);
			path = StoresViewController;
			sourceTree = "<group>";
		};
		FBE2CAF5246825CB00DF52C4 /* AdsViewController */ = {
			isa = PBXGroup;
			children = (
				FBE2CAF6246825ED00DF52C4 /* Views */,
				FBE2CAF72468260600DF52C4 /* Nibs */,
			);
			path = AdsViewController;
			sourceTree = "<group>";
		};
		FBE2CAF6246825ED00DF52C4 /* Views */ = {
			isa = PBXGroup;
			children = (
				FB06C0FF24615DE0006F589A /* AdsCollectionView.swift */,
				FB06C10A24616E6C006F589A /* AdsCollectionViewCell.swift */,
			);
			path = Views;
			sourceTree = "<group>";
		};
		FBE2CAF72468260600DF52C4 /* Nibs */ = {
			isa = PBXGroup;
			children = (
				FB06C10B24616E6C006F589A /* AdsCollectionViewCell.xib */,
				FB06C10824616DA3006F589A /* AdsViewController.storyboard */,
			);
			path = Nibs;
			sourceTree = "<group>";
		};
		FBE2CAF82468262200DF52C4 /* CategoriesViewController */ = {
			isa = PBXGroup;
			children = (
				FBE2CAF92468263C00DF52C4 /* Nibs */,
				FBE2CAFA2468264700DF52C4 /* Views */,
			);
			path = CategoriesViewController;
			sourceTree = "<group>";
		};
		FBE2CAF92468263C00DF52C4 /* Nibs */ = {
			isa = PBXGroup;
			children = (
				FBE8DCBA2464B61A009BA11E /* CategoriesViewController.storyboard */,
				FBE8DCBD2464B683009BA11E /* CategoryCollectionViewCell.xib */,
			);
			path = Nibs;
			sourceTree = "<group>";
		};
		FBE2CAFA2468264700DF52C4 /* Views */ = {
			isa = PBXGroup;
			children = (
				FBE8DCB82464B2EF009BA11E /* CategoriesViewController.swift */,
				FBE8DCBC2464B683009BA11E /* CategoryCollectionViewCell.swift */,
			);
			path = Views;
			sourceTree = "<group>";
		};
		FBE2CAFB2468267300DF52C4 /* ProductsAdController */ = {
			isa = PBXGroup;
			children = (
				FBE2CAFD246826AA00DF52C4 /* Views */,
				FBE2CAFC2468269D00DF52C4 /* Nibs */,
			);
			path = ProductsAdController;
			sourceTree = "<group>";
		};
		FBE2CAFC2468269D00DF52C4 /* Nibs */ = {
			isa = PBXGroup;
			children = (
				FB06C111246172E7006F589A /* ProductsAdCollectionViewCell.xib */,
				FB06C10E2461726D006F589A /* ProductsAdsController.storyboard */,
			);
			path = Nibs;
			sourceTree = "<group>";
		};
		FBE2CAFD246826AA00DF52C4 /* Views */ = {
			isa = PBXGroup;
			children = (
				FB06C110246172E7006F589A /* ProductsAdCollectionViewCell.swift */,
				FB06C114246177D9006F589A /* ProductsAdsController.swift */,
			);
			path = Views;
			sourceTree = "<group>";
		};
		FBE2CB052468285100DF52C4 /* ProductCollectionViewCell */ = {
			isa = PBXGroup;
			children = (
				FB2E02A324629FE5002CACDE /* ProductCollectionViewCell.swift */,
				FB2E02A424629FE5002CACDE /* ProductCollectionViewCell.xib */,
			);
			path = ProductCollectionViewCell;
			sourceTree = "<group>";
		};
		FBE2CB082468289300DF52C4 /* Views */ = {
			isa = PBXGroup;
			children = (
				FB06C0FB24614DF3006F589A /* ShopViewController.storyboard */,
				FB06C10124615EFD006F589A /* ShopViewController.swift */,
				FBD0DDFC2487F96300B38D5E /* ShopTableViewHeaderSection.swift */,
			);
			path = Views;
			sourceTree = "<group>";
		};
		FBE2CB0B246828EB00DF52C4 /* Extensions And Helpers */ = {
			isa = PBXGroup;
			children = (
				FB1C8023246212CE00BFE29F /* UIHelpers.swift */,
			);
			path = "Extensions And Helpers";
			sourceTree = "<group>";
		};
		FBE2CB152468305F00DF52C4 /* RecommendationViewController */ = {
			isa = PBXGroup;
			children = (
				FBE2CB1124682FB300DF52C4 /* RecommendationViewController.storyboard */,
				FBE2CB1324682FE700DF52C4 /* RecommendationViewController.swift */,
			);
			path = RecommendationViewController;
			sourceTree = "<group>";
		};
		FBF0BF2B2469B99200368ED3 /* ProductDetailsViewController */ = {
			isa = PBXGroup;
			children = (
				FB5866DD2468AFB10048EF18 /* ProductDetailsViewController.storyboard */,
				FB5866DB2468AC5F0048EF18 /* ProductDetailsViewController.swift */,
			);
			path = ProductDetailsViewController;
			sourceTree = "<group>";
		};
		FBF76FA224CEDA6D00E03773 /* Services Tests */ = {
			isa = PBXGroup;
			children = (
				FB82471A24E5AA160047FC59 /* UserAuthService Tests */,
				FB5AE9FD24EDD189007417F3 /* ProductsSearchingService Tests */,
			);
			path = "Services Tests";
			sourceTree = "<group>";
		};
		FBF76FA324CEDA7500E03773 /* Services */ = {
			isa = PBXGroup;
			children = (
				FBF76F9E24CED9ED00E03773 /* UserAuthService.swift */,
				FB82471D24E5AC290047FC59 /* SearchingService.swift */,
			);
			path = Services;
			sourceTree = "<group>";
		};
		FCE7614C7B50094D4CFB8263 /* Pods */ = {
			isa = PBXGroup;
			children = (
				045E88DA35646B723BBF1002 /* Pods-StoreBox.debug.xcconfig */,
				2267BE74DE2EBBEC66EC259C /* Pods-StoreBox.release.xcconfig */,
				68535002665691472CD36D52 /* Pods-StoreBoxTests.debug.xcconfig */,
				F8542FE08C24B8691FC7C69B /* Pods-StoreBoxTests.release.xcconfig */,
			);
			path = Pods;
			sourceTree = "<group>";
		};
/* End PBXGroup section */

/* Begin PBXNativeTarget section */
		FB13EACC245FB6E600C9CC33 /* StoreBox */ = {
			isa = PBXNativeTarget;
			buildConfigurationList = FB13EAEC245FB6E700C9CC33 /* Build configuration list for PBXNativeTarget "StoreBox" */;
			buildPhases = (
				5F1D8F0C2AF25BE1A91E1024 /* [CP] Check Pods Manifest.lock */,
				FB13EAC9245FB6E600C9CC33 /* Sources */,
				FB13EACA245FB6E600C9CC33 /* Frameworks */,
				FB13EACB245FB6E600C9CC33 /* Resources */,
				86D8A50AC00AC4BFB0EF67BD /* [CP] Copy Pods Resources */,
			);
			buildRules = (
			);
			dependencies = (
			);
			name = StoreBox;
			packageProductDependencies = (
			);
			productName = StoreBox;
			productReference = FB13EACD245FB6E600C9CC33 /* StoreBox.app */;
			productType = "com.apple.product-type.application";
		};
		FB13EAE2245FB6E700C9CC33 /* StoreBoxTests */ = {
			isa = PBXNativeTarget;
			buildConfigurationList = FB13EAEF245FB6E700C9CC33 /* Build configuration list for PBXNativeTarget "StoreBoxTests" */;
			buildPhases = (
				2FEC4ECE6A6E79844D4CC6FE /* [CP] Check Pods Manifest.lock */,
				FB13EADF245FB6E700C9CC33 /* Sources */,
				FB13EAE0245FB6E700C9CC33 /* Frameworks */,
				FB13EAE1245FB6E700C9CC33 /* Resources */,
			);
			buildRules = (
			);
			dependencies = (
				FB13EAE5245FB6E700C9CC33 /* PBXTargetDependency */,
			);
			name = StoreBoxTests;
			productName = StoreBoxTests;
			productReference = FB13EAE3245FB6E700C9CC33 /* StoreBoxTests.xctest */;
			productType = "com.apple.product-type.bundle.unit-test";
		};
/* End PBXNativeTarget section */

/* Begin PBXProject section */
		FB13EAC5245FB6E600C9CC33 /* Project object */ = {
			isa = PBXProject;
			attributes = {
				LastSwiftUpdateCheck = 1110;
				LastUpgradeCheck = 1110;
				ORGANIZATIONNAME = "Mohammed Ahmed";
				TargetAttributes = {
					FB13EACC245FB6E600C9CC33 = {
						CreatedOnToolsVersion = 11.1;
					};
					FB13EAE2245FB6E700C9CC33 = {
						CreatedOnToolsVersion = 11.1;
						LastSwiftMigration = 1110;
						TestTargetID = FB13EACC245FB6E600C9CC33;
					};
				};
			};
			buildConfigurationList = FB13EAC8245FB6E600C9CC33 /* Build configuration list for PBXProject "StoreBox" */;
			compatibilityVersion = "Xcode 9.3";
			developmentRegion = en;
			hasScannedForEncodings = 0;
			knownRegions = (
				en,
				Base,
			);
			mainGroup = FB13EAC4245FB6E600C9CC33;
			productRefGroup = FB13EACE245FB6E600C9CC33 /* Products */;
			projectDirPath = "";
			projectRoot = "";
			targets = (
				FB13EACC245FB6E600C9CC33 /* StoreBox */,
				FB13EAE2245FB6E700C9CC33 /* StoreBoxTests */,
			);
		};
/* End PBXProject section */

/* Begin PBXResourcesBuildPhase section */
		FB13EACB245FB6E600C9CC33 /* Resources */ = {
			isa = PBXResourcesBuildPhase;
			buildActionMask = 2147483647;
			files = (
				FBE7795824B32F8B00034414 /* StoreDetailsViewController.storyboard in Resources */,
				FBA0E67B2486CCC1008C1F9C /* MoreViewController.storyboard in Resources */,
				FBE8DCBF2464B683009BA11E /* CategoryCollectionViewCell.xib in Resources */,
				FBE8DCBB2464B61A009BA11E /* CategoriesViewController.storyboard in Resources */,
				FB06C10924616DA3006F589A /* AdsViewController.storyboard in Resources */,
				FB6F7C51250AF60D00E1A653 /* AutocompleteSearchViewController.storyboard in Resources */,
				FB06C10D24616E6C006F589A /* AdsCollectionViewCell.xib in Resources */,
				FB2E02A624629FE5002CACDE /* ProductCollectionViewCell.xib in Resources */,
				FB744FE624CDBE2C00D72FA6 /* UserLoginViewController.storyboard in Resources */,
				FBF1626824B45C6D002CDC13 /* CategoriesSectionCollectionViewCell.xib in Resources */,
				FBE2CB1224682FB300DF52C4 /* RecommendationViewController.storyboard in Resources */,
				FBA0E67724845C91008C1F9C /* ProductTableViewCell.xib in Resources */,
				FBB105F624B1A57200D3DF77 /* StoresViewController.storyboard in Resources */,
				FB0167B824B1B7C700A62670 /* StoreTableViewCell.xib in Resources */,
				FB5866DE2468AFB10048EF18 /* ProductDetailsViewController.storyboard in Resources */,
				FB06C113246172E7006F589A /* ProductsAdCollectionViewCell.xib in Resources */,
				FB06C10F2461726D006F589A /* ProductsAdsController.storyboard in Resources */,
				FB13EADD245FB6E600C9CC33 /* LaunchScreen.storyboard in Resources */,
				FBA0E67424845C91008C1F9C /* CartViewController.storyboard in Resources */,
				FB06C0FC24614DF3006F589A /* ShopViewController.storyboard in Resources */,
				FB13EADA245FB6E600C9CC33 /* Assets.xcassets in Resources */,
				FB13EAD8245FB6E600C9CC33 /* Main.storyboard in Resources */,
			);
			runOnlyForDeploymentPostprocessing = 0;
		};
		FB13EAE1245FB6E700C9CC33 /* Resources */ = {
			isa = PBXResourcesBuildPhase;
			buildActionMask = 2147483647;
			files = (
				FB17608824D88F0000BDBC66 /* UserAuthServiceResponses.json in Resources */,
				FBF8200824E9AE2C0050EA71 /* ProductsSearchingServiceResponses.json in Resources */,
				FB2FC557250E9330000F80D9 /* UserAuthServiceWrongFormattedResponse.json in Resources */,
				FB2FF35E24EB281A001C30E6 /* ProductsSearchingServiceBadJSON.json in Resources */,
			);
			runOnlyForDeploymentPostprocessing = 0;
		};
/* End PBXResourcesBuildPhase section */

/* Begin PBXShellScriptBuildPhase section */
		2FEC4ECE6A6E79844D4CC6FE /* [CP] Check Pods Manifest.lock */ = {
			isa = PBXShellScriptBuildPhase;
			buildActionMask = 2147483647;
			files = (
			);
			inputFileListPaths = (
			);
			inputPaths = (
				"${PODS_PODFILE_DIR_PATH}/Podfile.lock",
				"${PODS_ROOT}/Manifest.lock",
			);
			name = "[CP] Check Pods Manifest.lock";
			outputFileListPaths = (
			);
			outputPaths = (
				"$(DERIVED_FILE_DIR)/Pods-StoreBoxTests-checkManifestLockResult.txt",
			);
			runOnlyForDeploymentPostprocessing = 0;
			shellPath = /bin/sh;
			shellScript = "diff \"${PODS_PODFILE_DIR_PATH}/Podfile.lock\" \"${PODS_ROOT}/Manifest.lock\" > /dev/null\nif [ $? != 0 ] ; then\n    # print error to STDERR\n    echo \"error: The sandbox is not in sync with the Podfile.lock. Run 'pod install' or update your CocoaPods installation.\" >&2\n    exit 1\nfi\n# This output is used by Xcode 'outputs' to avoid re-running this script phase.\necho \"SUCCESS\" > \"${SCRIPT_OUTPUT_FILE_0}\"\n";
			showEnvVarsInLog = 0;
		};
		5F1D8F0C2AF25BE1A91E1024 /* [CP] Check Pods Manifest.lock */ = {
			isa = PBXShellScriptBuildPhase;
			buildActionMask = 2147483647;
			files = (
			);
			inputFileListPaths = (
			);
			inputPaths = (
				"${PODS_PODFILE_DIR_PATH}/Podfile.lock",
				"${PODS_ROOT}/Manifest.lock",
			);
			name = "[CP] Check Pods Manifest.lock";
			outputFileListPaths = (
			);
			outputPaths = (
				"$(DERIVED_FILE_DIR)/Pods-StoreBox-checkManifestLockResult.txt",
			);
			runOnlyForDeploymentPostprocessing = 0;
			shellPath = /bin/sh;
			shellScript = "diff \"${PODS_PODFILE_DIR_PATH}/Podfile.lock\" \"${PODS_ROOT}/Manifest.lock\" > /dev/null\nif [ $? != 0 ] ; then\n    # print error to STDERR\n    echo \"error: The sandbox is not in sync with the Podfile.lock. Run 'pod install' or update your CocoaPods installation.\" >&2\n    exit 1\nfi\n# This output is used by Xcode 'outputs' to avoid re-running this script phase.\necho \"SUCCESS\" > \"${SCRIPT_OUTPUT_FILE_0}\"\n";
			showEnvVarsInLog = 0;
		};
		86D8A50AC00AC4BFB0EF67BD /* [CP] Copy Pods Resources */ = {
			isa = PBXShellScriptBuildPhase;
			buildActionMask = 2147483647;
			files = (
			);
			inputFileListPaths = (
				"${PODS_ROOT}/Target Support Files/Pods-StoreBox/Pods-StoreBox-resources-${CONFIGURATION}-input-files.xcfilelist",
			);
			name = "[CP] Copy Pods Resources";
			outputFileListPaths = (
				"${PODS_ROOT}/Target Support Files/Pods-StoreBox/Pods-StoreBox-resources-${CONFIGURATION}-output-files.xcfilelist",
			);
			runOnlyForDeploymentPostprocessing = 0;
			shellPath = /bin/sh;
			shellScript = "\"${PODS_ROOT}/Target Support Files/Pods-StoreBox/Pods-StoreBox-resources.sh\"\n";
			showEnvVarsInLog = 0;
		};
/* End PBXShellScriptBuildPhase section */

/* Begin PBXSourcesBuildPhase section */
		FB13EAC9245FB6E600C9CC33 /* Sources */ = {
			isa = PBXSourcesBuildPhase;
			buildActionMask = 2147483647;
			files = (
				FBA0E6822486CD5A008C1F9C /* MoreViewController.swift in Sources */,
				FB06C10224615EFD006F589A /* ShopViewController.swift in Sources */,
				FB44E60125341EE60092DD67 /* FilterSectionsManager.swift in Sources */,
				FBCF344F25292F39009B5BC9 /* TitledTableViewHeaderFooterView.swift in Sources */,
				FBCF344D2528F945009B5BC9 /* ProductSearchFiltersViewController.swift in Sources */,
				FBE8DCB92464B2EF009BA11E /* CategoriesViewController.swift in Sources */,
				FB0167B224B1AE4400A62670 /* DetailsTableViewHeader.swift in Sources */,
				FB4B251224D9D643004A327B /* UserLoginViewModel.swift in Sources */,
				FBA0E64F2484508E008C1F9C /* UIRoundButton.swift in Sources */,
				FB13EAD1245FB6E600C9CC33 /* AppDelegate.swift in Sources */,
				FB2E02A524629FE5002CACDE /* ProductCollectionViewCell.swift in Sources */,
				FB4BBACE24CED17800E82E8A /* NetworkConstants.swift in Sources */,
				FB1842AC250821910006256C /* NetworkManager.swift in Sources */,
				FBE8DCBE2464B683009BA11E /* CategoryCollectionViewCell.swift in Sources */,
				FB82471E24E5AC290047FC59 /* SearchingService.swift in Sources */,
				FB3538872526490000FA4C63 /* UICollectionViewLoadingFooter.swift in Sources */,
				FBA0E67524845C91008C1F9C /* CartViewController.swift in Sources */,
				FB744FE424CDBDA400D72FA6 /* UserLoginViewController.swift in Sources */,
				FB06C10C24616E6C006F589A /* AdsCollectionViewCell.swift in Sources */,
				FB35388925264A0D00FA4C63 /* ProductSearchViewModel.swift in Sources */,
				FB6790E224BC65580073141B /* StoreImageView.swift in Sources */,
				FBF76F9F24CED9ED00E03773 /* UserAuthService.swift in Sources */,
				FB1C8024246212CE00BFE29F /* UIHelpers.swift in Sources */,
				FB6F7C4D250A7CA200E1A653 /* AutocompleteSearchViewModel.swift in Sources */,
				FB06C115246177D9006F589A /* ProductsAdsController.swift in Sources */,
				FB0167B724B1B7C700A62670 /* StoreTableViewCell.swift in Sources */,
				FBD0DDFD2487F96300B38D5E /* ShopTableViewHeaderSection.swift in Sources */,
				FB5125532496B05300BEA4C1 /* DetailsCollectionViewHeader.swift in Sources */,
				FBE7795C24B36E8400034414 /* CategoriesTableSectionHeader.swift in Sources */,
				FBA0E6502484508E008C1F9C /* ImageSliderView.swift in Sources */,
				FB13EAD3245FB6E600C9CC33 /* SceneDelegate.swift in Sources */,
				FB5866DC2468AC5F0048EF18 /* ProductDetailsViewController.swift in Sources */,
				FB43794A25157EB6001C8863 /* NetworkServiceParser.swift in Sources */,
				FB6F7C49250A7B4200E1A653 /* AutocompleteSearchViewController.swift in Sources */,
				FBE2CB1424682FE700DF52C4 /* RecommendationViewController.swift in Sources */,
				FB4379482513B722001C8863 /* Product.swift in Sources */,
				FBE7795624B32F3800034414 /* StoreDetailsViewController.swift in Sources */,
				FBA0E67624845C91008C1F9C /* ProductTableViewCell.swift in Sources */,
				FBB105F224B1A4C100D3DF77 /* StoresViewController.swift in Sources */,
				FB44E5FF25341DEA0092DD67 /* ProductSearchFiltersViewModel.swift in Sources */,
				FBE25AB12511315600B7B69C /* ProductSearchViewController.swift in Sources */,
				FB06C10024615DE0006F589A /* AdsCollectionView.swift in Sources */,
				FB06C112246172E7006F589A /* ProductsAdCollectionViewCell.swift in Sources */,
			);
			runOnlyForDeploymentPostprocessing = 0;
		};
		FB13EADF245FB6E700C9CC33 /* Sources */ = {
			isa = PBXSourcesBuildPhase;
			buildActionMask = 2147483647;
			files = (
				FB5125502496AE3C00BEA4C1 /* DetailsCollectionViewHeaderTests.swift in Sources */,
				FB419342246C902800005577 /* ProductsAdsControllerTests.swift in Sources */,
				FBE7795A24B36E5B00034414 /* CategoriesTableSectionHeaderTests.swift in Sources */,
				FB0167B024B1AE1D00A62670 /* DetailsTableViewHeaderTests.swift in Sources */,
				FB6F7C4B250A7C6200E1A653 /* AutocompleteSearchViewModelTests.swift in Sources */,
				FB1842AE250822270006256C /* NetworkManagerTests.swift in Sources */,
				FB44E605253424230092DD67 /* FilterSectionsManagerTests.swift in Sources */,
				FB6F7C4F250A88B100E1A653 /* SearchingTestDoubles.swift in Sources */,
				FB6790E024BC634B0073141B /* PresentableImageViewTests.swift in Sources */,
				FB353885252647A800FA4C63 /* UICollectionViewLoadingFooterTests.swift in Sources */,
				FB6F7C45250A79E300E1A653 /* AutocompleteSearchViewControllerTests.swift in Sources */,
				FB6790E424BC65830073141B /* StoreImageViewTests.swift in Sources */,
				FB4B251024D9D628004A327B /* UserLoginViewModelTests.swift in Sources */,
				FBB105EE24B1A43D00D3DF77 /* StoresViewControllerTests.swift in Sources */,
				FBAD586424E4A5F000E7A770 /* AppDelegateTests.swift in Sources */,
				FB44E603253423540092DD67 /* ProductSearchFiltersViewModelTests.swift in Sources */,
				FB1F090C24EC1AB200683FCD /* ProductsSearchingServiceTestDoubles.swift in Sources */,
				FBE25AB3251131B200B7B69C /* ProductSearchViewControllerTests.swift in Sources */,
				FB4BBAD124CED1F200E82E8A /* NetworkConstantsTests.swift in Sources */,
				FB06C1072461696F006F589A /* ShopViewControllerTests.swift in Sources */,
				FB82471C24E5ABCB0047FC59 /* ProductsSearchingServiceTests.swift in Sources */,
				FB0167B424B1B78200A62670 /* StoreTableViewCellTests.swift in Sources */,
				FBF1626624B455B3002CDC13 /* CategoriesSectionCollectionViewCellTests.swift in Sources */,
				FB43794C2516582D001C8863 /* NetworkServiceParserTests.swift in Sources */,
				FBA0E66124845A4A008C1F9C /* CartViewControllerTests.swift in Sources */,
				FBEF201E24D9BAD200F1AAED /* UserAuthServiceTestDoubles.swift in Sources */,
				FBE7795424B32EBF00034414 /* StoreDetailsViewControllerTests.swift in Sources */,
				FB2E029E24628F73002CACDE /* RecommendationViewControllerTests.swift in Sources */,
				FBF76FA124CEDA0E00E03773 /* UserAuthServiceTests.swift in Sources */,
				FB17608A24D8C27000BDBC66 /* TestDoubles.swift in Sources */,
				FBCF344B2528F8ED009B5BC9 /* ProductSearchFiltersViewControllerTests.swift in Sources */,
				FB35388B25264B2500FA4C63 /* ProductSearchViewModelTests.swift in Sources */,
				FB2E02A224629FBA002CACDE /* ProductCollectionViewCellTests.swift in Sources */,
				FB744FE224CDBD3600D72FA6 /* UserLoginViewControllerTests.swift in Sources */,
				FBA0E67D2486CCE5008C1F9C /* MoreViewControllerTests.swift in Sources */,
				FB5866D82468AB810048EF18 /* ProductDetailsViewControllerTests.swift in Sources */,
			);
			runOnlyForDeploymentPostprocessing = 0;
		};
/* End PBXSourcesBuildPhase section */

/* Begin PBXTargetDependency section */
		FB13EAE5245FB6E700C9CC33 /* PBXTargetDependency */ = {
			isa = PBXTargetDependency;
			target = FB13EACC245FB6E600C9CC33 /* StoreBox */;
			targetProxy = FB13EAE4245FB6E700C9CC33 /* PBXContainerItemProxy */;
		};
/* End PBXTargetDependency section */

/* Begin PBXVariantGroup section */
		FB13EAD6245FB6E600C9CC33 /* Main.storyboard */ = {
			isa = PBXVariantGroup;
			children = (
				FB13EAD7245FB6E600C9CC33 /* Base */,
			);
			name = Main.storyboard;
			sourceTree = "<group>";
		};
		FB13EADB245FB6E600C9CC33 /* LaunchScreen.storyboard */ = {
			isa = PBXVariantGroup;
			children = (
				FB13EADC245FB6E600C9CC33 /* Base */,
			);
			name = LaunchScreen.storyboard;
			sourceTree = "<group>";
		};
/* End PBXVariantGroup section */

/* Begin XCBuildConfiguration section */
		FB13EAEA245FB6E700C9CC33 /* Debug */ = {
			isa = XCBuildConfiguration;
			buildSettings = {
				ALWAYS_SEARCH_USER_PATHS = NO;
				CLANG_ANALYZER_NONNULL = YES;
				CLANG_ANALYZER_NUMBER_OBJECT_CONVERSION = YES_AGGRESSIVE;
				CLANG_CXX_LANGUAGE_STANDARD = "gnu++14";
				CLANG_CXX_LIBRARY = "libc++";
				CLANG_ENABLE_MODULES = YES;
				CLANG_ENABLE_OBJC_ARC = YES;
				CLANG_ENABLE_OBJC_WEAK = YES;
				CLANG_WARN_BLOCK_CAPTURE_AUTORELEASING = YES;
				CLANG_WARN_BOOL_CONVERSION = YES;
				CLANG_WARN_COMMA = YES;
				CLANG_WARN_CONSTANT_CONVERSION = YES;
				CLANG_WARN_DEPRECATED_OBJC_IMPLEMENTATIONS = YES;
				CLANG_WARN_DIRECT_OBJC_ISA_USAGE = YES_ERROR;
				CLANG_WARN_DOCUMENTATION_COMMENTS = YES;
				CLANG_WARN_EMPTY_BODY = YES;
				CLANG_WARN_ENUM_CONVERSION = YES;
				CLANG_WARN_INFINITE_RECURSION = YES;
				CLANG_WARN_INT_CONVERSION = YES;
				CLANG_WARN_NON_LITERAL_NULL_CONVERSION = YES;
				CLANG_WARN_OBJC_IMPLICIT_RETAIN_SELF = YES;
				CLANG_WARN_OBJC_LITERAL_CONVERSION = YES;
				CLANG_WARN_OBJC_ROOT_CLASS = YES_ERROR;
				CLANG_WARN_RANGE_LOOP_ANALYSIS = YES;
				CLANG_WARN_STRICT_PROTOTYPES = YES;
				CLANG_WARN_SUSPICIOUS_MOVE = YES;
				CLANG_WARN_UNGUARDED_AVAILABILITY = YES_AGGRESSIVE;
				CLANG_WARN_UNREACHABLE_CODE = YES;
				CLANG_WARN__DUPLICATE_METHOD_MATCH = YES;
				COPY_PHASE_STRIP = NO;
				DEBUG_INFORMATION_FORMAT = dwarf;
				ENABLE_STRICT_OBJC_MSGSEND = YES;
				ENABLE_TESTABILITY = YES;
				GCC_C_LANGUAGE_STANDARD = gnu11;
				GCC_DYNAMIC_NO_PIC = NO;
				GCC_NO_COMMON_BLOCKS = YES;
				GCC_OPTIMIZATION_LEVEL = 0;
				GCC_PREPROCESSOR_DEFINITIONS = (
					"DEBUG=1",
					"$(inherited)",
				);
				GCC_WARN_64_TO_32_BIT_CONVERSION = YES;
				GCC_WARN_ABOUT_RETURN_TYPE = YES_ERROR;
				GCC_WARN_UNDECLARED_SELECTOR = YES;
				GCC_WARN_UNINITIALIZED_AUTOS = YES_AGGRESSIVE;
				GCC_WARN_UNUSED_FUNCTION = YES;
				GCC_WARN_UNUSED_VARIABLE = YES;
				IPHONEOS_DEPLOYMENT_TARGET = 13.1;
				MTL_ENABLE_DEBUG_INFO = INCLUDE_SOURCE;
				MTL_FAST_MATH = YES;
				ONLY_ACTIVE_ARCH = YES;
				SDKROOT = iphoneos;
				SWIFT_ACTIVE_COMPILATION_CONDITIONS = DEBUG;
				SWIFT_OPTIMIZATION_LEVEL = "-Onone";
			};
			name = Debug;
		};
		FB13EAEB245FB6E700C9CC33 /* Release */ = {
			isa = XCBuildConfiguration;
			buildSettings = {
				ALWAYS_SEARCH_USER_PATHS = NO;
				CLANG_ANALYZER_NONNULL = YES;
				CLANG_ANALYZER_NUMBER_OBJECT_CONVERSION = YES_AGGRESSIVE;
				CLANG_CXX_LANGUAGE_STANDARD = "gnu++14";
				CLANG_CXX_LIBRARY = "libc++";
				CLANG_ENABLE_MODULES = YES;
				CLANG_ENABLE_OBJC_ARC = YES;
				CLANG_ENABLE_OBJC_WEAK = YES;
				CLANG_WARN_BLOCK_CAPTURE_AUTORELEASING = YES;
				CLANG_WARN_BOOL_CONVERSION = YES;
				CLANG_WARN_COMMA = YES;
				CLANG_WARN_CONSTANT_CONVERSION = YES;
				CLANG_WARN_DEPRECATED_OBJC_IMPLEMENTATIONS = YES;
				CLANG_WARN_DIRECT_OBJC_ISA_USAGE = YES_ERROR;
				CLANG_WARN_DOCUMENTATION_COMMENTS = YES;
				CLANG_WARN_EMPTY_BODY = YES;
				CLANG_WARN_ENUM_CONVERSION = YES;
				CLANG_WARN_INFINITE_RECURSION = YES;
				CLANG_WARN_INT_CONVERSION = YES;
				CLANG_WARN_NON_LITERAL_NULL_CONVERSION = YES;
				CLANG_WARN_OBJC_IMPLICIT_RETAIN_SELF = YES;
				CLANG_WARN_OBJC_LITERAL_CONVERSION = YES;
				CLANG_WARN_OBJC_ROOT_CLASS = YES_ERROR;
				CLANG_WARN_RANGE_LOOP_ANALYSIS = YES;
				CLANG_WARN_STRICT_PROTOTYPES = YES;
				CLANG_WARN_SUSPICIOUS_MOVE = YES;
				CLANG_WARN_UNGUARDED_AVAILABILITY = YES_AGGRESSIVE;
				CLANG_WARN_UNREACHABLE_CODE = YES;
				CLANG_WARN__DUPLICATE_METHOD_MATCH = YES;
				COPY_PHASE_STRIP = NO;
				DEBUG_INFORMATION_FORMAT = "dwarf-with-dsym";
				ENABLE_NS_ASSERTIONS = NO;
				ENABLE_STRICT_OBJC_MSGSEND = YES;
				GCC_C_LANGUAGE_STANDARD = gnu11;
				GCC_NO_COMMON_BLOCKS = YES;
				GCC_WARN_64_TO_32_BIT_CONVERSION = YES;
				GCC_WARN_ABOUT_RETURN_TYPE = YES_ERROR;
				GCC_WARN_UNDECLARED_SELECTOR = YES;
				GCC_WARN_UNINITIALIZED_AUTOS = YES_AGGRESSIVE;
				GCC_WARN_UNUSED_FUNCTION = YES;
				GCC_WARN_UNUSED_VARIABLE = YES;
				IPHONEOS_DEPLOYMENT_TARGET = 13.1;
				MTL_ENABLE_DEBUG_INFO = NO;
				MTL_FAST_MATH = YES;
				SDKROOT = iphoneos;
				SWIFT_COMPILATION_MODE = wholemodule;
				SWIFT_OPTIMIZATION_LEVEL = "-O";
				VALIDATE_PRODUCT = YES;
			};
			name = Release;
		};
		FB13EAED245FB6E700C9CC33 /* Debug */ = {
			isa = XCBuildConfiguration;
			baseConfigurationReference = 045E88DA35646B723BBF1002 /* Pods-StoreBox.debug.xcconfig */;
			buildSettings = {
				ASSETCATALOG_COMPILER_APPICON_NAME = AppIcon;
				CODE_SIGN_STYLE = Automatic;
				DEVELOPMENT_TEAM = 45VBTWJ842;
				INFOPLIST_FILE = StoreBox/Info.plist;
				IPHONEOS_DEPLOYMENT_TARGET = 13.0;
				LD_RUNPATH_SEARCH_PATHS = (
					"$(inherited)",
					"@executable_path/Frameworks",
				);
				PRODUCT_BUNDLE_IDENTIFIER = com.mohammedahmed.StoreBox;
				PRODUCT_NAME = "$(TARGET_NAME)";
				SWIFT_VERSION = 5.0;
				TARGETED_DEVICE_FAMILY = "1,2";
			};
			name = Debug;
		};
		FB13EAEE245FB6E700C9CC33 /* Release */ = {
			isa = XCBuildConfiguration;
			baseConfigurationReference = 2267BE74DE2EBBEC66EC259C /* Pods-StoreBox.release.xcconfig */;
			buildSettings = {
				ASSETCATALOG_COMPILER_APPICON_NAME = AppIcon;
				CODE_SIGN_STYLE = Automatic;
				DEVELOPMENT_TEAM = 45VBTWJ842;
				INFOPLIST_FILE = StoreBox/Info.plist;
				IPHONEOS_DEPLOYMENT_TARGET = 13.0;
				LD_RUNPATH_SEARCH_PATHS = (
					"$(inherited)",
					"@executable_path/Frameworks",
				);
				PRODUCT_BUNDLE_IDENTIFIER = com.mohammedahmed.StoreBox;
				PRODUCT_NAME = "$(TARGET_NAME)";
				SWIFT_VERSION = 5.0;
				TARGETED_DEVICE_FAMILY = "1,2";
			};
			name = Release;
		};
		FB13EAF0245FB6E700C9CC33 /* Debug */ = {
			isa = XCBuildConfiguration;
			baseConfigurationReference = 68535002665691472CD36D52 /* Pods-StoreBoxTests.debug.xcconfig */;
			buildSettings = {
				ALWAYS_EMBED_SWIFT_STANDARD_LIBRARIES = YES;
				BUNDLE_LOADER = "$(TEST_HOST)";
				CLANG_ENABLE_MODULES = YES;
				CODE_SIGN_STYLE = Automatic;
				DEVELOPMENT_TEAM = 45VBTWJ842;
				INFOPLIST_FILE = StoreBoxTests/Info.plist;
				IPHONEOS_DEPLOYMENT_TARGET = 13.1;
				LD_RUNPATH_SEARCH_PATHS = (
					"$(inherited)",
					"@executable_path/Frameworks",
					"@loader_path/Frameworks",
				);
				PRODUCT_BUNDLE_IDENTIFIER = com.mohammedahmed.StoreBoxTests;
				PRODUCT_NAME = "$(TARGET_NAME)";
				SWIFT_OPTIMIZATION_LEVEL = "-Onone";
				SWIFT_VERSION = 5.0;
				TARGETED_DEVICE_FAMILY = "1,2";
				TEST_HOST = "$(BUILT_PRODUCTS_DIR)/StoreBox.app/StoreBox";
			};
			name = Debug;
		};
		FB13EAF1245FB6E700C9CC33 /* Release */ = {
			isa = XCBuildConfiguration;
			baseConfigurationReference = F8542FE08C24B8691FC7C69B /* Pods-StoreBoxTests.release.xcconfig */;
			buildSettings = {
				ALWAYS_EMBED_SWIFT_STANDARD_LIBRARIES = YES;
				BUNDLE_LOADER = "$(TEST_HOST)";
				CLANG_ENABLE_MODULES = YES;
				CODE_SIGN_STYLE = Automatic;
				DEVELOPMENT_TEAM = 45VBTWJ842;
				INFOPLIST_FILE = StoreBoxTests/Info.plist;
				IPHONEOS_DEPLOYMENT_TARGET = 13.1;
				LD_RUNPATH_SEARCH_PATHS = (
					"$(inherited)",
					"@executable_path/Frameworks",
					"@loader_path/Frameworks",
				);
				PRODUCT_BUNDLE_IDENTIFIER = com.mohammedahmed.StoreBoxTests;
				PRODUCT_NAME = "$(TARGET_NAME)";
				SWIFT_VERSION = 5.0;
				TARGETED_DEVICE_FAMILY = "1,2";
				TEST_HOST = "$(BUILT_PRODUCTS_DIR)/StoreBox.app/StoreBox";
			};
			name = Release;
		};
/* End XCBuildConfiguration section */

/* Begin XCConfigurationList section */
		FB13EAC8245FB6E600C9CC33 /* Build configuration list for PBXProject "StoreBox" */ = {
			isa = XCConfigurationList;
			buildConfigurations = (
				FB13EAEA245FB6E700C9CC33 /* Debug */,
				FB13EAEB245FB6E700C9CC33 /* Release */,
			);
			defaultConfigurationIsVisible = 0;
			defaultConfigurationName = Release;
		};
		FB13EAEC245FB6E700C9CC33 /* Build configuration list for PBXNativeTarget "StoreBox" */ = {
			isa = XCConfigurationList;
			buildConfigurations = (
				FB13EAED245FB6E700C9CC33 /* Debug */,
				FB13EAEE245FB6E700C9CC33 /* Release */,
			);
			defaultConfigurationIsVisible = 0;
			defaultConfigurationName = Release;
		};
		FB13EAEF245FB6E700C9CC33 /* Build configuration list for PBXNativeTarget "StoreBoxTests" */ = {
			isa = XCConfigurationList;
			buildConfigurations = (
				FB13EAF0245FB6E700C9CC33 /* Debug */,
				FB13EAF1245FB6E700C9CC33 /* Release */,
			);
			defaultConfigurationIsVisible = 0;
			defaultConfigurationName = Release;
		};
/* End XCConfigurationList section */
	};
	rootObject = FB13EAC5245FB6E600C9CC33 /* Project object */;
}
